// !$*UTF8*$!
{
	archiveVersion = 1;
	classes = {
	};
	objectVersion = 50;
	objects = {

/* Begin PBXBuildFile section */
		61C7FFE3255ACB7100B11544 /* AppDelegate.swift in Sources */ = {isa = PBXBuildFile; fileRef = 61C7FFE2255ACB7100B11544 /* AppDelegate.swift */; };
		61C7FFE5255ACB7100B11544 /* SceneDelegate.swift in Sources */ = {isa = PBXBuildFile; fileRef = 61C7FFE4255ACB7100B11544 /* SceneDelegate.swift */; };
		61C7FFEA255ACB7100B11544 /* Main.storyboard in Resources */ = {isa = PBXBuildFile; fileRef = 61C7FFE8255ACB7100B11544 /* Main.storyboard */; };
		61C7FFEC255ACB7200B11544 /* Assets.xcassets in Resources */ = {isa = PBXBuildFile; fileRef = 61C7FFEB255ACB7200B11544 /* Assets.xcassets */; };
		61C7FFEF255ACB7200B11544 /* LaunchScreen.storyboard in Resources */ = {isa = PBXBuildFile; fileRef = 61C7FFED255ACB7200B11544 /* LaunchScreen.storyboard */; };
		61CB7752255ACCDE00386149 /* ListViewController.swift in Sources */ = {isa = PBXBuildFile; fileRef = 61CB7751255ACCDE00386149 /* ListViewController.swift */; };
		61CB7755255ACE6000386149 /* MovieVO.swift in Sources */ = {isa = PBXBuildFile; fileRef = 61CB7754255ACE6000386149 /* MovieVO.swift */; };
		61CB7758255AE68600386149 /* MovieCell.swift in Sources */ = {isa = PBXBuildFile; fileRef = 61CB7757255AE68600386149 /* MovieCell.swift */; };
		61CB7780255AF43300386149 /* Config.swift in Sources */ = {isa = PBXBuildFile; fileRef = 61CB777F255AF43300386149 /* Config.swift */; };
		61CB77A62562B2AC00386149 /* DetailViewController.swift in Sources */ = {isa = PBXBuildFile; fileRef = 61CB77A52562B2AC00386149 /* DetailViewController.swift */; };
		61CB77AB2562BA9300386149 /* UIViewController+Extension.swift in Sources */ = {isa = PBXBuildFile; fileRef = 61CB77AA2562BA9300386149 /* UIViewController+Extension.swift */; };
		61CB77AF2562C1FF00386149 /* TheaterCell.swift in Sources */ = {isa = PBXBuildFile; fileRef = 61CB77AE2562C1FF00386149 /* TheaterCell.swift */; };
		61CB77B22562C2A500386149 /* TheaterListController.swift in Sources */ = {isa = PBXBuildFile; fileRef = 61CB77B12562C2A500386149 /* TheaterListController.swift */; };
/* End PBXBuildFile section */

/* Begin PBXFileReference section */
		61C7FFDF255ACB7100B11544 /* MyMovieChart.app */ = {isa = PBXFileReference; explicitFileType = wrapper.application; includeInIndex = 0; path = MyMovieChart.app; sourceTree = BUILT_PRODUCTS_DIR; };
		61C7FFE2255ACB7100B11544 /* AppDelegate.swift */ = {isa = PBXFileReference; lastKnownFileType = sourcecode.swift; path = AppDelegate.swift; sourceTree = "<group>"; };
		61C7FFE4255ACB7100B11544 /* SceneDelegate.swift */ = {isa = PBXFileReference; lastKnownFileType = sourcecode.swift; path = SceneDelegate.swift; sourceTree = "<group>"; };
		61C7FFE9255ACB7100B11544 /* Base */ = {isa = PBXFileReference; lastKnownFileType = file.storyboard; name = Base; path = Base.lproj/Main.storyboard; sourceTree = "<group>"; };
		61C7FFEB255ACB7200B11544 /* Assets.xcassets */ = {isa = PBXFileReference; lastKnownFileType = folder.assetcatalog; path = Assets.xcassets; sourceTree = "<group>"; };
		61C7FFEE255ACB7200B11544 /* Base */ = {isa = PBXFileReference; lastKnownFileType = file.storyboard; name = Base; path = Base.lproj/LaunchScreen.storyboard; sourceTree = "<group>"; };
		61C7FFF0255ACB7200B11544 /* Info.plist */ = {isa = PBXFileReference; lastKnownFileType = text.plist.xml; path = Info.plist; sourceTree = "<group>"; };
		61CB7751255ACCDE00386149 /* ListViewController.swift */ = {isa = PBXFileReference; lastKnownFileType = sourcecode.swift; path = ListViewController.swift; sourceTree = "<group>"; };
		61CB7754255ACE6000386149 /* MovieVO.swift */ = {isa = PBXFileReference; lastKnownFileType = sourcecode.swift; path = MovieVO.swift; sourceTree = "<group>"; };
		61CB7757255AE68600386149 /* MovieCell.swift */ = {isa = PBXFileReference; lastKnownFileType = sourcecode.swift; path = MovieCell.swift; sourceTree = "<group>"; };
		61CB777F255AF43300386149 /* Config.swift */ = {isa = PBXFileReference; lastKnownFileType = sourcecode.swift; path = Config.swift; sourceTree = "<group>"; };
		61CB77A52562B2AC00386149 /* DetailViewController.swift */ = {isa = PBXFileReference; lastKnownFileType = sourcecode.swift; path = DetailViewController.swift; sourceTree = "<group>"; };
		61CB77AA2562BA9300386149 /* UIViewController+Extension.swift */ = {isa = PBXFileReference; lastKnownFileType = sourcecode.swift; path = "UIViewController+Extension.swift"; sourceTree = "<group>"; };
		61CB77AE2562C1FF00386149 /* TheaterCell.swift */ = {isa = PBXFileReference; lastKnownFileType = sourcecode.swift; path = TheaterCell.swift; sourceTree = "<group>"; };
		61CB77B12562C2A500386149 /* TheaterListController.swift */ = {isa = PBXFileReference; lastKnownFileType = sourcecode.swift; path = TheaterListController.swift; sourceTree = "<group>"; };
/* End PBXFileReference section */

/* Begin PBXFrameworksBuildPhase section */
		61C7FFDC255ACB7100B11544 /* Frameworks */ = {
			isa = PBXFrameworksBuildPhase;
			buildActionMask = 2147483647;
			files = (
			);
			runOnlyForDeploymentPostprocessing = 0;
		};
/* End PBXFrameworksBuildPhase section */

/* Begin PBXGroup section */
		61C7FFD6255ACB7100B11544 = {
			isa = PBXGroup;
			children = (
				61C7FFE1255ACB7100B11544 /* MyMovieChart */,
				61C7FFE0255ACB7100B11544 /* Products */,
			);
			sourceTree = "<group>";
		};
		61C7FFE0255ACB7100B11544 /* Products */ = {
			isa = PBXGroup;
			children = (
				61C7FFDF255ACB7100B11544 /* MyMovieChart.app */,
			);
			name = Products;
			sourceTree = "<group>";
		};
		61C7FFE1255ACB7100B11544 /* MyMovieChart */ = {
			isa = PBXGroup;
			children = (
				61CB77A82562BA6800386149 /* Utils */,
				61CB777E255AF31600386149 /* Constants */,
				61C7FFE2255ACB7100B11544 /* AppDelegate.swift */,
				61C7FFE4255ACB7100B11544 /* SceneDelegate.swift */,
				61C7FFE8255ACB7100B11544 /* Main.storyboard */,
				61C7FFEB255ACB7200B11544 /* Assets.xcassets */,
				61C7FFED255ACB7200B11544 /* LaunchScreen.storyboard */,
				61C7FFF0255ACB7200B11544 /* Info.plist */,
				61CB7751255ACCDE00386149 /* ListViewController.swift */,
				61CB7754255ACE6000386149 /* MovieVO.swift */,
				61CB7757255AE68600386149 /* MovieCell.swift */,
				61CB77A52562B2AC00386149 /* DetailViewController.swift */,
				61CB77AE2562C1FF00386149 /* TheaterCell.swift */,
				61CB77B12562C2A500386149 /* TheaterListController.swift */,
			);
			path = MyMovieChart;
			sourceTree = "<group>";
		};
		61CB777E255AF31600386149 /* Constants */ = {
			isa = PBXGroup;
			children = (
				61CB777F255AF43300386149 /* Config.swift */,
			);
			path = Constants;
			sourceTree = "<group>";
		};
		61CB77A82562BA6800386149 /* Utils */ = {
			isa = PBXGroup;
			children = (
				61CB77A92562BA6C00386149 /* Extensions */,
			);
			path = Utils;
			sourceTree = "<group>";
		};
		61CB77A92562BA6C00386149 /* Extensions */ = {
			isa = PBXGroup;
			children = (
				61CB77AA2562BA9300386149 /* UIViewController+Extension.swift */,
			);
			path = Extensions;
			sourceTree = "<group>";
		};
/* End PBXGroup section */

/* Begin PBXNativeTarget section */
		61C7FFDE255ACB7100B11544 /* MyMovieChart */ = {
			isa = PBXNativeTarget;
			buildConfigurationList = 61C7FFF3255ACB7200B11544 /* Build configuration list for PBXNativeTarget "MyMovieChart" */;
			buildPhases = (
				61C7FFDB255ACB7100B11544 /* Sources */,
				61C7FFDC255ACB7100B11544 /* Frameworks */,
				61C7FFDD255ACB7100B11544 /* Resources */,
			);
			buildRules = (
			);
			dependencies = (
			);
			name = MyMovieChart;
			productName = MyMovieChart;
			productReference = 61C7FFDF255ACB7100B11544 /* MyMovieChart.app */;
			productType = "com.apple.product-type.application";
		};
/* End PBXNativeTarget section */

/* Begin PBXProject section */
		61C7FFD7255ACB7100B11544 /* Project object */ = {
			isa = PBXProject;
			attributes = {
				LastSwiftUpdateCheck = 1200;
				LastUpgradeCheck = 1200;
				TargetAttributes = {
					61C7FFDE255ACB7100B11544 = {
						CreatedOnToolsVersion = 12.0;
					};
				};
			};
			buildConfigurationList = 61C7FFDA255ACB7100B11544 /* Build configuration list for PBXProject "MyMovieChart" */;
			compatibilityVersion = "Xcode 9.3";
			developmentRegion = en;
			hasScannedForEncodings = 0;
			knownRegions = (
				en,
				Base,
			);
			mainGroup = 61C7FFD6255ACB7100B11544;
			productRefGroup = 61C7FFE0255ACB7100B11544 /* Products */;
			projectDirPath = "";
			projectRoot = "";
			targets = (
				61C7FFDE255ACB7100B11544 /* MyMovieChart */,
			);
		};
/* End PBXProject section */

/* Begin PBXResourcesBuildPhase section */
		61C7FFDD255ACB7100B11544 /* Resources */ = {
			isa = PBXResourcesBuildPhase;
			buildActionMask = 2147483647;
			files = (
				61C7FFEF255ACB7200B11544 /* LaunchScreen.storyboard in Resources */,
				61C7FFEC255ACB7200B11544 /* Assets.xcassets in Resources */,
				61C7FFEA255ACB7100B11544 /* Main.storyboard in Resources */,
			);
			runOnlyForDeploymentPostprocessing = 0;
		};
/* End PBXResourcesBuildPhase section */

/* Begin PBXSourcesBuildPhase section */
		61C7FFDB255ACB7100B11544 /* Sources */ = {
			isa = PBXSourcesBuildPhase;
			buildActionMask = 2147483647;
			files = (
				61CB77AB2562BA9300386149 /* UIViewController+Extension.swift in Sources */,
				61C7FFE3255ACB7100B11544 /* AppDelegate.swift in Sources */,
				61CB7755255ACE6000386149 /* MovieVO.swift in Sources */,
				61CB77B22562C2A500386149 /* TheaterListController.swift in Sources */,
				61C7FFE5255ACB7100B11544 /* SceneDelegate.swift in Sources */,
				61CB77AF2562C1FF00386149 /* TheaterCell.swift in Sources */,
				61CB7758255AE68600386149 /* MovieCell.swift in Sources */,
				61CB7780255AF43300386149 /* Config.swift in Sources */,
				61CB7752255ACCDE00386149 /* ListViewController.swift in Sources */,
				61CB77A62562B2AC00386149 /* DetailViewController.swift in Sources */,
			);
			runOnlyForDeploymentPostprocessing = 0;
		};
/* End PBXSourcesBuildPhase section */

/* Begin PBXVariantGroup section */
		61C7FFE8255ACB7100B11544 /* Main.storyboard */ = {
			isa = PBXVariantGroup;
			children = (
				61C7FFE9255ACB7100B11544 /* Base */,
			);
			name = Main.storyboard;
			sourceTree = "<group>";
		};
		61C7FFED255ACB7200B11544 /* LaunchScreen.storyboard */ = {
			isa = PBXVariantGroup;
			children = (
				61C7FFEE255ACB7200B11544 /* Base */,
			);
			name = LaunchScreen.storyboard;
			sourceTree = "<group>";
		};
/* End PBXVariantGroup section */

/* Begin XCBuildConfiguration section */
		61C7FFF1255ACB7200B11544 /* Debug */ = {
			isa = XCBuildConfiguration;
			buildSettings = {
				ALWAYS_SEARCH_USER_PATHS = NO;
				CLANG_ANALYZER_NONNULL = YES;
				CLANG_ANALYZER_NUMBER_OBJECT_CONVERSION = YES_AGGRESSIVE;
				CLANG_CXX_LANGUAGE_STANDARD = "gnu++14";
				CLANG_CXX_LIBRARY = "libc++";
				CLANG_ENABLE_MODULES = YES;
				CLANG_ENABLE_OBJC_ARC = YES;
				CLANG_ENABLE_OBJC_WEAK = YES;
				CLANG_WARN_BLOCK_CAPTURE_AUTORELEASING = YES;
				CLANG_WARN_BOOL_CONVERSION = YES;
				CLANG_WARN_COMMA = YES;
				CLANG_WARN_CONSTANT_CONVERSION = YES;
				CLANG_WARN_DEPRECATED_OBJC_IMPLEMENTATIONS = YES;
				CLANG_WARN_DIRECT_OBJC_ISA_USAGE = YES_ERROR;
				CLANG_WARN_DOCUMENTATION_COMMENTS = YES;
				CLANG_WARN_EMPTY_BODY = YES;
				CLANG_WARN_ENUM_CONVERSION = YES;
				CLANG_WARN_INFINITE_RECURSION = YES;
				CLANG_WARN_INT_CONVERSION = YES;
				CLANG_WARN_NON_LITERAL_NULL_CONVERSION = YES;
				CLANG_WARN_OBJC_IMPLICIT_RETAIN_SELF = YES;
				CLANG_WARN_OBJC_LITERAL_CONVERSION = YES;
				CLANG_WARN_OBJC_ROOT_CLASS = YES_ERROR;
				CLANG_WARN_QUOTED_INCLUDE_IN_FRAMEWORK_HEADER = YES;
				CLANG_WARN_RANGE_LOOP_ANALYSIS = YES;
				CLANG_WARN_STRICT_PROTOTYPES = YES;
				CLANG_WARN_SUSPICIOUS_MOVE = YES;
				CLANG_WARN_UNGUARDED_AVAILABILITY = YES_AGGRESSIVE;
				CLANG_WARN_UNREACHABLE_CODE = YES;
				CLANG_WARN__DUPLICATE_METHOD_MATCH = YES;
				COPY_PHASE_STRIP = NO;
				DEBUG_INFORMATION_FORMAT = dwarf;
				ENABLE_STRICT_OBJC_MSGSEND = YES;
				ENABLE_TESTABILITY = YES;
				GCC_C_LANGUAGE_STANDARD = gnu11;
				GCC_DYNAMIC_NO_PIC = NO;
				GCC_NO_COMMON_BLOCKS = YES;
				GCC_OPTIMIZATION_LEVEL = 0;
				GCC_PREPROCESSOR_DEFINITIONS = (
					"DEBUG=1",
					"$(inherited)",
				);
				GCC_WARN_64_TO_32_BIT_CONVERSION = YES;
				GCC_WARN_ABOUT_RETURN_TYPE = YES_ERROR;
				GCC_WARN_UNDECLARED_SELECTOR = YES;
				GCC_WARN_UNINITIALIZED_AUTOS = YES_AGGRESSIVE;
				GCC_WARN_UNUSED_FUNCTION = YES;
				GCC_WARN_UNUSED_VARIABLE = YES;
				IPHONEOS_DEPLOYMENT_TARGET = 14.0;
				MTL_ENABLE_DEBUG_INFO = INCLUDE_SOURCE;
				MTL_FAST_MATH = YES;
				ONLY_ACTIVE_ARCH = YES;
				SDKROOT = iphoneos;
				SWIFT_ACTIVE_COMPILATION_CONDITIONS = DEBUG;
				SWIFT_OPTIMIZATION_LEVEL = "-Onone";
			};
			name = Debug;
		};
		61C7FFF2255ACB7200B11544 /* Release */ = {
			isa = XCBuildConfiguration;
			buildSettings = {
				ALWAYS_SEARCH_USER_PATHS = NO;
				CLANG_ANALYZER_NONNULL = YES;
				CLANG_ANALYZER_NUMBER_OBJECT_CONVERSION = YES_AGGRESSIVE;
				CLANG_CXX_LANGUAGE_STANDARD = "gnu++14";
				CLANG_CXX_LIBRARY = "libc++";
				CLANG_ENABLE_MODULES = YES;
				CLANG_ENABLE_OBJC_ARC = YES;
				CLANG_ENABLE_OBJC_WEAK = YES;
				CLANG_WARN_BLOCK_CAPTURE_AUTORELEASING = YES;
				CLANG_WARN_BOOL_CONVERSION = YES;
				CLANG_WARN_COMMA = YES;
				CLANG_WARN_CONSTANT_CONVERSION = YES;
				CLANG_WARN_DEPRECATED_OBJC_IMPLEMENTATIONS = YES;
				CLANG_WARN_DIRECT_OBJC_ISA_USAGE = YES_ERROR;
				CLANG_WARN_DOCUMENTATION_COMMENTS = YES;
				CLANG_WARN_EMPTY_BODY = YES;
				CLANG_WARN_ENUM_CONVERSION = YES;
				CLANG_WARN_INFINITE_RECURSION = YES;
				CLANG_WARN_INT_CONVERSION = YES;
				CLANG_WARN_NON_LITERAL_NULL_CONVERSION = YES;
				CLANG_WARN_OBJC_IMPLICIT_RETAIN_SELF = YES;
				CLANG_WARN_OBJC_LITERAL_CONVERSION = YES;
				CLANG_WARN_OBJC_ROOT_CLASS = YES_ERROR;
				CLANG_WARN_QUOTED_INCLUDE_IN_FRAMEWORK_HEADER = YES;
				CLANG_WARN_RANGE_LOOP_ANALYSIS = YES;
				CLANG_WARN_STRICT_PROTOTYPES = YES;
				CLANG_WARN_SUSPICIOUS_MOVE = YES;
				CLANG_WARN_UNGUARDED_AVAILABILITY = YES_AGGRESSIVE;
				CLANG_WARN_UNREACHABLE_CODE = YES;
				CLANG_WARN__DUPLICATE_METHOD_MATCH = YES;
				COPY_PHASE_STRIP = NO;
				DEBUG_INFORMATION_FORMAT = "dwarf-with-dsym";
				ENABLE_NS_ASSERTIONS = NO;
				ENABLE_STRICT_OBJC_MSGSEND = YES;
				GCC_C_LANGUAGE_STANDARD = gnu11;
				GCC_NO_COMMON_BLOCKS = YES;
				GCC_WARN_64_TO_32_BIT_CONVERSION = YES;
				GCC_WARN_ABOUT_RETURN_TYPE = YES_ERROR;
				GCC_WARN_UNDECLARED_SELECTOR = YES;
				GCC_WARN_UNINITIALIZED_AUTOS = YES_AGGRESSIVE;
				GCC_WARN_UNUSED_FUNCTION = YES;
				GCC_WARN_UNUSED_VARIABLE = YES;
				IPHONEOS_DEPLOYMENT_TARGET = 14.0;
				MTL_ENABLE_DEBUG_INFO = NO;
				MTL_FAST_MATH = YES;
				SDKROOT = iphoneos;
				SWIFT_COMPILATION_MODE = wholemodule;
				SWIFT_OPTIMIZATION_LEVEL = "-O";
				VALIDATE_PRODUCT = YES;
			};
			name = Release;
		};
		61C7FFF4255ACB7200B11544 /* Debug */ = {
			isa = XCBuildConfiguration;
			buildSettings = {
				ASSETCATALOG_COMPILER_APPICON_NAME = AppIcon;
				ASSETCATALOG_COMPILER_GLOBAL_ACCENT_COLOR_NAME = AccentColor;
				CODE_SIGN_STYLE = Automatic;
				DEVELOPMENT_TEAM = VB5KPC8TUV;
				INFOPLIST_FILE = MyMovieChart/Info.plist;
				LD_RUNPATH_SEARCH_PATHS = (
					"$(inherited)",
					"@executable_path/Frameworks",
				);
				PRODUCT_BUNDLE_IDENTIFIER = io.github.92pino.MyMovieChart;
				PRODUCT_NAME = "$(TARGET_NAME)";
				SWIFT_VERSION = 5.0;
				TARGETED_DEVICE_FAMILY = "1,2";
			};
			name = Debug;
		};
		61C7FFF5255ACB7200B11544 /* Release */ = {
			isa = XCBuildConfiguration;
			buildSettings = {
				ASSETCATALOG_COMPILER_APPICON_NAME = AppIcon;
				ASSETCATALOG_COMPILER_GLOBAL_ACCENT_COLOR_NAME = AccentColor;
				CODE_SIGN_STYLE = Automatic;
				DEVELOPMENT_TEAM = VB5KPC8TUV;
				INFOPLIST_FILE = MyMovieChart/Info.plist;
				LD_RUNPATH_SEARCH_PATHS = (
					"$(inherited)",
					"@executable_path/Frameworks",
				);
				PRODUCT_BUNDLE_IDENTIFIER = io.github.92pino.MyMovieChart;
				PRODUCT_NAME = "$(TARGET_NAME)";
				SWIFT_VERSION = 5.0;
				TARGETED_DEVICE_FAMILY = "1,2";
			};
			name = Release;
		};
/* End XCBuildConfiguration section */

/* Begin XCConfigurationList section */
		61C7FFDA255ACB7100B11544 /* Build configuration list for PBXProject "MyMovieChart" */ = {
			isa = XCConfigurationList;
			buildConfigurations = (
				61C7FFF1255ACB7200B11544 /* Debug */,
				61C7FFF2255ACB7200B11544 /* Release */,
			);
			defaultConfigurationIsVisible = 0;
			defaultConfigurationName = Release;
		};
		61C7FFF3255ACB7200B11544 /* Build configuration list for PBXNativeTarget "MyMovieChart" */ = {
			isa = XCConfigurationList;
			buildConfigurations = (
				61C7FFF4255ACB7200B11544 /* Debug */,
				61C7FFF5255ACB7200B11544 /* Release */,
			);
			defaultConfigurationIsVisible = 0;
			defaultConfigurationName = Release;
		};
/* End XCConfigurationList section */
	};
	rootObject = 61C7FFD7255ACB7100B11544 /* Project object */;
}
