// !$*UTF8*$!
{
	archiveVersion = 1;
	classes = {
	};
	objectVersion = 50;
	objects = {

/* Begin PBXBuildFile section */
		61D460282523C506007A6781 /* AppDelegate.swift in Sources */ = {isa = PBXBuildFile; fileRef = 61D460272523C506007A6781 /* AppDelegate.swift */; };
		61D4602A2523C506007A6781 /* SceneDelegate.swift in Sources */ = {isa = PBXBuildFile; fileRef = 61D460292523C506007A6781 /* SceneDelegate.swift */; };
		61D4602C2523C506007A6781 /* ViewController.swift in Sources */ = {isa = PBXBuildFile; fileRef = 61D4602B2523C506007A6781 /* ViewController.swift */; };
		61D4602F2523C506007A6781 /* Main.storyboard in Resources */ = {isa = PBXBuildFile; fileRef = 61D4602D2523C506007A6781 /* Main.storyboard */; };
		61D460312523C509007A6781 /* Assets.xcassets in Resources */ = {isa = PBXBuildFile; fileRef = 61D460302523C509007A6781 /* Assets.xcassets */; };
		61D460342523C509007A6781 /* LaunchScreen.storyboard in Resources */ = {isa = PBXBuildFile; fileRef = 61D460322523C509007A6781 /* LaunchScreen.storyboard */; };
		61D4603F2523C509007A6781 /* MVVMTests.swift in Sources */ = {isa = PBXBuildFile; fileRef = 61D4603E2523C509007A6781 /* MVVMTests.swift */; };
		61D4604A2523C509007A6781 /* MVVMUITests.swift in Sources */ = {isa = PBXBuildFile; fileRef = 61D460492523C509007A6781 /* MVVMUITests.swift */; };
		61D4608925244C6D007A6781 /* TodoViewModel.swift in Sources */ = {isa = PBXBuildFile; fileRef = 61D4608825244C6D007A6781 /* TodoViewModel.swift */; };
		61D4609725248230007A6781 /* TodoItemTableViewCell.swift in Sources */ = {isa = PBXBuildFile; fileRef = 61D4609525248230007A6781 /* TodoItemTableViewCell.swift */; };
		61D4609825248230007A6781 /* TodoItemTableViewCell.xib in Resources */ = {isa = PBXBuildFile; fileRef = 61D4609625248230007A6781 /* TodoItemTableViewCell.xib */; };
/* End PBXBuildFile section */

/* Begin PBXContainerItemProxy section */
		61D4603B2523C509007A6781 /* PBXContainerItemProxy */ = {
			isa = PBXContainerItemProxy;
			containerPortal = 61D4601C2523C506007A6781 /* Project object */;
			proxyType = 1;
			remoteGlobalIDString = 61D460232523C506007A6781;
			remoteInfo = MVVM;
		};
		61D460462523C509007A6781 /* PBXContainerItemProxy */ = {
			isa = PBXContainerItemProxy;
			containerPortal = 61D4601C2523C506007A6781 /* Project object */;
			proxyType = 1;
			remoteGlobalIDString = 61D460232523C506007A6781;
			remoteInfo = MVVM;
		};
/* End PBXContainerItemProxy section */

/* Begin PBXFileReference section */
		61D460242523C506007A6781 /* MVVM.app */ = {isa = PBXFileReference; explicitFileType = wrapper.application; includeInIndex = 0; path = MVVM.app; sourceTree = BUILT_PRODUCTS_DIR; };
		61D460272523C506007A6781 /* AppDelegate.swift */ = {isa = PBXFileReference; lastKnownFileType = sourcecode.swift; path = AppDelegate.swift; sourceTree = "<group>"; };
		61D460292523C506007A6781 /* SceneDelegate.swift */ = {isa = PBXFileReference; lastKnownFileType = sourcecode.swift; path = SceneDelegate.swift; sourceTree = "<group>"; };
		61D4602B2523C506007A6781 /* ViewController.swift */ = {isa = PBXFileReference; lastKnownFileType = sourcecode.swift; path = ViewController.swift; sourceTree = "<group>"; };
		61D4602E2523C506007A6781 /* Base */ = {isa = PBXFileReference; lastKnownFileType = file.storyboard; name = Base; path = Base.lproj/Main.storyboard; sourceTree = "<group>"; };
		61D460302523C509007A6781 /* Assets.xcassets */ = {isa = PBXFileReference; lastKnownFileType = folder.assetcatalog; path = Assets.xcassets; sourceTree = "<group>"; };
		61D460332523C509007A6781 /* Base */ = {isa = PBXFileReference; lastKnownFileType = file.storyboard; name = Base; path = Base.lproj/LaunchScreen.storyboard; sourceTree = "<group>"; };
		61D460352523C509007A6781 /* Info.plist */ = {isa = PBXFileReference; lastKnownFileType = text.plist.xml; path = Info.plist; sourceTree = "<group>"; };
		61D4603A2523C509007A6781 /* MVVMTests.xctest */ = {isa = PBXFileReference; explicitFileType = wrapper.cfbundle; includeInIndex = 0; path = MVVMTests.xctest; sourceTree = BUILT_PRODUCTS_DIR; };
		61D4603E2523C509007A6781 /* MVVMTests.swift */ = {isa = PBXFileReference; lastKnownFileType = sourcecode.swift; path = MVVMTests.swift; sourceTree = "<group>"; };
		61D460402523C509007A6781 /* Info.plist */ = {isa = PBXFileReference; lastKnownFileType = text.plist.xml; path = Info.plist; sourceTree = "<group>"; };
		61D460452523C509007A6781 /* MVVMUITests.xctest */ = {isa = PBXFileReference; explicitFileType = wrapper.cfbundle; includeInIndex = 0; path = MVVMUITests.xctest; sourceTree = BUILT_PRODUCTS_DIR; };
		61D460492523C509007A6781 /* MVVMUITests.swift */ = {isa = PBXFileReference; lastKnownFileType = sourcecode.swift; path = MVVMUITests.swift; sourceTree = "<group>"; };
		61D4604B2523C509007A6781 /* Info.plist */ = {isa = PBXFileReference; lastKnownFileType = text.plist.xml; path = Info.plist; sourceTree = "<group>"; };
		61D4608825244C6D007A6781 /* TodoViewModel.swift */ = {isa = PBXFileReference; lastKnownFileType = sourcecode.swift; path = TodoViewModel.swift; sourceTree = "<group>"; };
		61D4609525248230007A6781 /* TodoItemTableViewCell.swift */ = {isa = PBXFileReference; lastKnownFileType = sourcecode.swift; path = TodoItemTableViewCell.swift; sourceTree = "<group>"; };
		61D4609625248230007A6781 /* TodoItemTableViewCell.xib */ = {isa = PBXFileReference; lastKnownFileType = file.xib; path = TodoItemTableViewCell.xib; sourceTree = "<group>"; };
/* End PBXFileReference section */

/* Begin PBXFrameworksBuildPhase section */
		61D460212523C506007A6781 /* Frameworks */ = {
			isa = PBXFrameworksBuildPhase;
			buildActionMask = 2147483647;
			files = (
			);
			runOnlyForDeploymentPostprocessing = 0;
		};
		61D460372523C509007A6781 /* Frameworks */ = {
			isa = PBXFrameworksBuildPhase;
			buildActionMask = 2147483647;
			files = (
			);
			runOnlyForDeploymentPostprocessing = 0;
		};
		61D460422523C509007A6781 /* Frameworks */ = {
			isa = PBXFrameworksBuildPhase;
			buildActionMask = 2147483647;
			files = (
			);
			runOnlyForDeploymentPostprocessing = 0;
		};
/* End PBXFrameworksBuildPhase section */

/* Begin PBXGroup section */
		61D4601B2523C506007A6781 = {
			isa = PBXGroup;
			children = (
				61D460262523C506007A6781 /* MVVM */,
				61D4603D2523C509007A6781 /* MVVMTests */,
				61D460482523C509007A6781 /* MVVMUITests */,
				61D460252523C506007A6781 /* Products */,
			);
			sourceTree = "<group>";
		};
		61D460252523C506007A6781 /* Products */ = {
			isa = PBXGroup;
			children = (
				61D460242523C506007A6781 /* MVVM.app */,
				61D4603A2523C509007A6781 /* MVVMTests.xctest */,
				61D460452523C509007A6781 /* MVVMUITests.xctest */,
			);
			name = Products;
			sourceTree = "<group>";
		};
		61D460262523C506007A6781 /* MVVM */ = {
			isa = PBXGroup;
			children = (
				61D4608725244C62007A6781 /* ViewModel */,
				61D460272523C506007A6781 /* AppDelegate.swift */,
				61D460292523C506007A6781 /* SceneDelegate.swift */,
				61D4602B2523C506007A6781 /* ViewController.swift */,
				61D4602D2523C506007A6781 /* Main.storyboard */,
				61D460302523C509007A6781 /* Assets.xcassets */,
				61D460322523C509007A6781 /* LaunchScreen.storyboard */,
				61D460352523C509007A6781 /* Info.plist */,
				61D4609525248230007A6781 /* TodoItemTableViewCell.swift */,
				61D4609625248230007A6781 /* TodoItemTableViewCell.xib */,
			);
			path = MVVM;
			sourceTree = "<group>";
		};
		61D4603D2523C509007A6781 /* MVVMTests */ = {
			isa = PBXGroup;
			children = (
				61D4603E2523C509007A6781 /* MVVMTests.swift */,
				61D460402523C509007A6781 /* Info.plist */,
			);
			path = MVVMTests;
			sourceTree = "<group>";
		};
		61D460482523C509007A6781 /* MVVMUITests */ = {
			isa = PBXGroup;
			children = (
				61D460492523C509007A6781 /* MVVMUITests.swift */,
				61D4604B2523C509007A6781 /* Info.plist */,
			);
			path = MVVMUITests;
			sourceTree = "<group>";
		};
		61D4608725244C62007A6781 /* ViewModel */ = {
			isa = PBXGroup;
			children = (
				61D4608825244C6D007A6781 /* TodoViewModel.swift */,
			);
			path = ViewModel;
			sourceTree = "<group>";
		};
/* End PBXGroup section */

/* Begin PBXNativeTarget section */
		61D460232523C506007A6781 /* MVVM */ = {
			isa = PBXNativeTarget;
			buildConfigurationList = 61D4604E2523C509007A6781 /* Build configuration list for PBXNativeTarget "MVVM" */;
			buildPhases = (
				61D460202523C506007A6781 /* Sources */,
				61D460212523C506007A6781 /* Frameworks */,
				61D460222523C506007A6781 /* Resources */,
			);
			buildRules = (
			);
			dependencies = (
			);
			name = MVVM;
			productName = MVVM;
			productReference = 61D460242523C506007A6781 /* MVVM.app */;
			productType = "com.apple.product-type.application";
		};
		61D460392523C509007A6781 /* MVVMTests */ = {
			isa = PBXNativeTarget;
			buildConfigurationList = 61D460512523C509007A6781 /* Build configuration list for PBXNativeTarget "MVVMTests" */;
			buildPhases = (
				61D460362523C509007A6781 /* Sources */,
				61D460372523C509007A6781 /* Frameworks */,
				61D460382523C509007A6781 /* Resources */,
			);
			buildRules = (
			);
			dependencies = (
				61D4603C2523C509007A6781 /* PBXTargetDependency */,
			);
			name = MVVMTests;
			productName = MVVMTests;
			productReference = 61D4603A2523C509007A6781 /* MVVMTests.xctest */;
			productType = "com.apple.product-type.bundle.unit-test";
		};
		61D460442523C509007A6781 /* MVVMUITests */ = {
			isa = PBXNativeTarget;
			buildConfigurationList = 61D460542523C509007A6781 /* Build configuration list for PBXNativeTarget "MVVMUITests" */;
			buildPhases = (
				61D460412523C509007A6781 /* Sources */,
				61D460422523C509007A6781 /* Frameworks */,
				61D460432523C509007A6781 /* Resources */,
			);
			buildRules = (
			);
			dependencies = (
				61D460472523C509007A6781 /* PBXTargetDependency */,
			);
			name = MVVMUITests;
			productName = MVVMUITests;
			productReference = 61D460452523C509007A6781 /* MVVMUITests.xctest */;
			productType = "com.apple.product-type.bundle.ui-testing";
		};
/* End PBXNativeTarget section */

/* Begin PBXProject section */
		61D4601C2523C506007A6781 /* Project object */ = {
			isa = PBXProject;
			attributes = {
				LastSwiftUpdateCheck = 1200;
				LastUpgradeCheck = 1200;
				TargetAttributes = {
					61D460232523C506007A6781 = {
						CreatedOnToolsVersion = 12.0;
					};
					61D460392523C509007A6781 = {
						CreatedOnToolsVersion = 12.0;
						TestTargetID = 61D460232523C506007A6781;
					};
					61D460442523C509007A6781 = {
						CreatedOnToolsVersion = 12.0;
						TestTargetID = 61D460232523C506007A6781;
					};
				};
			};
			buildConfigurationList = 61D4601F2523C506007A6781 /* Build configuration list for PBXProject "MVVM" */;
			compatibilityVersion = "Xcode 9.3";
			developmentRegion = en;
			hasScannedForEncodings = 0;
			knownRegions = (
				en,
				Base,
			);
			mainGroup = 61D4601B2523C506007A6781;
			productRefGroup = 61D460252523C506007A6781 /* Products */;
			projectDirPath = "";
			projectRoot = "";
			targets = (
				61D460232523C506007A6781 /* MVVM */,
				61D460392523C509007A6781 /* MVVMTests */,
				61D460442523C509007A6781 /* MVVMUITests */,
			);
		};
/* End PBXProject section */

/* Begin PBXResourcesBuildPhase section */
		61D460222523C506007A6781 /* Resources */ = {
			isa = PBXResourcesBuildPhase;
			buildActionMask = 2147483647;
			files = (
				61D460342523C509007A6781 /* LaunchScreen.storyboard in Resources */,
				61D460312523C509007A6781 /* Assets.xcassets in Resources */,
				61D4609825248230007A6781 /* TodoItemTableViewCell.xib in Resources */,
				61D4602F2523C506007A6781 /* Main.storyboard in Resources */,
			);
			runOnlyForDeploymentPostprocessing = 0;
		};
		61D460382523C509007A6781 /* Resources */ = {
			isa = PBXResourcesBuildPhase;
			buildActionMask = 2147483647;
			files = (
			);
			runOnlyForDeploymentPostprocessing = 0;
		};
		61D460432523C509007A6781 /* Resources */ = {
			isa = PBXResourcesBuildPhase;
			buildActionMask = 2147483647;
			files = (
			);
			runOnlyForDeploymentPostprocessing = 0;
		};
/* End PBXResourcesBuildPhase section */

/* Begin PBXSourcesBuildPhase section */
		61D460202523C506007A6781 /* Sources */ = {
			isa = PBXSourcesBuildPhase;
			buildActionMask = 2147483647;
			files = (
				61D4609725248230007A6781 /* TodoItemTableViewCell.swift in Sources */,
				61D4608925244C6D007A6781 /* TodoViewModel.swift in Sources */,
				61D4602C2523C506007A6781 /* ViewController.swift in Sources */,
				61D460282523C506007A6781 /* AppDelegate.swift in Sources */,
				61D4602A2523C506007A6781 /* SceneDelegate.swift in Sources */,
			);
			runOnlyForDeploymentPostprocessing = 0;
		};
		61D460362523C509007A6781 /* Sources */ = {
			isa = PBXSourcesBuildPhase;
			buildActionMask = 2147483647;
			files = (
				61D4603F2523C509007A6781 /* MVVMTests.swift in Sources */,
			);
			runOnlyForDeploymentPostprocessing = 0;
		};
		61D460412523C509007A6781 /* Sources */ = {
			isa = PBXSourcesBuildPhase;
			buildActionMask = 2147483647;
			files = (
				61D4604A2523C509007A6781 /* MVVMUITests.swift in Sources */,
			);
			runOnlyForDeploymentPostprocessing = 0;
		};
/* End PBXSourcesBuildPhase section */

/* Begin PBXTargetDependency section */
		61D4603C2523C509007A6781 /* PBXTargetDependency */ = {
			isa = PBXTargetDependency;
			target = 61D460232523C506007A6781 /* MVVM */;
			targetProxy = 61D4603B2523C509007A6781 /* PBXContainerItemProxy */;
		};
		61D460472523C509007A6781 /* PBXTargetDependency */ = {
			isa = PBXTargetDependency;
			target = 61D460232523C506007A6781 /* MVVM */;
			targetProxy = 61D460462523C509007A6781 /* PBXContainerItemProxy */;
		};
/* End PBXTargetDependency section */

/* Begin PBXVariantGroup section */
		61D4602D2523C506007A6781 /* Main.storyboard */ = {
			isa = PBXVariantGroup;
			children = (
				61D4602E2523C506007A6781 /* Base */,
			);
			name = Main.storyboard;
			sourceTree = "<group>";
		};
		61D460322523C509007A6781 /* LaunchScreen.storyboard */ = {
			isa = PBXVariantGroup;
			children = (
				61D460332523C509007A6781 /* Base */,
			);
			name = LaunchScreen.storyboard;
			sourceTree = "<group>";
		};
/* End PBXVariantGroup section */

/* Begin XCBuildConfiguration section */
		61D4604C2523C509007A6781 /* Debug */ = {
			isa = XCBuildConfiguration;
			buildSettings = {
				ALWAYS_SEARCH_USER_PATHS = NO;
				CLANG_ANALYZER_NONNULL = YES;
				CLANG_ANALYZER_NUMBER_OBJECT_CONVERSION = YES_AGGRESSIVE;
				CLANG_CXX_LANGUAGE_STANDARD = "gnu++14";
				CLANG_CXX_LIBRARY = "libc++";
				CLANG_ENABLE_MODULES = YES;
				CLANG_ENABLE_OBJC_ARC = YES;
				CLANG_ENABLE_OBJC_WEAK = YES;
				CLANG_WARN_BLOCK_CAPTURE_AUTORELEASING = YES;
				CLANG_WARN_BOOL_CONVERSION = YES;
				CLANG_WARN_COMMA = YES;
				CLANG_WARN_CONSTANT_CONVERSION = YES;
				CLANG_WARN_DEPRECATED_OBJC_IMPLEMENTATIONS = YES;
				CLANG_WARN_DIRECT_OBJC_ISA_USAGE = YES_ERROR;
				CLANG_WARN_DOCUMENTATION_COMMENTS = YES;
				CLANG_WARN_EMPTY_BODY = YES;
				CLANG_WARN_ENUM_CONVERSION = YES;
				CLANG_WARN_INFINITE_RECURSION = YES;
				CLANG_WARN_INT_CONVERSION = YES;
				CLANG_WARN_NON_LITERAL_NULL_CONVERSION = YES;
				CLANG_WARN_OBJC_IMPLICIT_RETAIN_SELF = YES;
				CLANG_WARN_OBJC_LITERAL_CONVERSION = YES;
				CLANG_WARN_OBJC_ROOT_CLASS = YES_ERROR;
				CLANG_WARN_QUOTED_INCLUDE_IN_FRAMEWORK_HEADER = YES;
				CLANG_WARN_RANGE_LOOP_ANALYSIS = YES;
				CLANG_WARN_STRICT_PROTOTYPES = YES;
				CLANG_WARN_SUSPICIOUS_MOVE = YES;
				CLANG_WARN_UNGUARDED_AVAILABILITY = YES_AGGRESSIVE;
				CLANG_WARN_UNREACHABLE_CODE = YES;
				CLANG_WARN__DUPLICATE_METHOD_MATCH = YES;
				COPY_PHASE_STRIP = NO;
				DEBUG_INFORMATION_FORMAT = dwarf;
				ENABLE_STRICT_OBJC_MSGSEND = YES;
				ENABLE_TESTABILITY = YES;
				GCC_C_LANGUAGE_STANDARD = gnu11;
				GCC_DYNAMIC_NO_PIC = NO;
				GCC_NO_COMMON_BLOCKS = YES;
				GCC_OPTIMIZATION_LEVEL = 0;
				GCC_PREPROCESSOR_DEFINITIONS = (
					"DEBUG=1",
					"$(inherited)",
				);
				GCC_WARN_64_TO_32_BIT_CONVERSION = YES;
				GCC_WARN_ABOUT_RETURN_TYPE = YES_ERROR;
				GCC_WARN_UNDECLARED_SELECTOR = YES;
				GCC_WARN_UNINITIALIZED_AUTOS = YES_AGGRESSIVE;
				GCC_WARN_UNUSED_FUNCTION = YES;
				GCC_WARN_UNUSED_VARIABLE = YES;
				IPHONEOS_DEPLOYMENT_TARGET = 14.0;
				MTL_ENABLE_DEBUG_INFO = INCLUDE_SOURCE;
				MTL_FAST_MATH = YES;
				ONLY_ACTIVE_ARCH = YES;
				SDKROOT = iphoneos;
				SWIFT_ACTIVE_COMPILATION_CONDITIONS = DEBUG;
				SWIFT_OPTIMIZATION_LEVEL = "-Onone";
			};
			name = Debug;
		};
		61D4604D2523C509007A6781 /* Release */ = {
			isa = XCBuildConfiguration;
			buildSettings = {
				ALWAYS_SEARCH_USER_PATHS = NO;
				CLANG_ANALYZER_NONNULL = YES;
				CLANG_ANALYZER_NUMBER_OBJECT_CONVERSION = YES_AGGRESSIVE;
				CLANG_CXX_LANGUAGE_STANDARD = "gnu++14";
				CLANG_CXX_LIBRARY = "libc++";
				CLANG_ENABLE_MODULES = YES;
				CLANG_ENABLE_OBJC_ARC = YES;
				CLANG_ENABLE_OBJC_WEAK = YES;
				CLANG_WARN_BLOCK_CAPTURE_AUTORELEASING = YES;
				CLANG_WARN_BOOL_CONVERSION = YES;
				CLANG_WARN_COMMA = YES;
				CLANG_WARN_CONSTANT_CONVERSION = YES;
				CLANG_WARN_DEPRECATED_OBJC_IMPLEMENTATIONS = YES;
				CLANG_WARN_DIRECT_OBJC_ISA_USAGE = YES_ERROR;
				CLANG_WARN_DOCUMENTATION_COMMENTS = YES;
				CLANG_WARN_EMPTY_BODY = YES;
				CLANG_WARN_ENUM_CONVERSION = YES;
				CLANG_WARN_INFINITE_RECURSION = YES;
				CLANG_WARN_INT_CONVERSION = YES;
				CLANG_WARN_NON_LITERAL_NULL_CONVERSION = YES;
				CLANG_WARN_OBJC_IMPLICIT_RETAIN_SELF = YES;
				CLANG_WARN_OBJC_LITERAL_CONVERSION = YES;
				CLANG_WARN_OBJC_ROOT_CLASS = YES_ERROR;
				CLANG_WARN_QUOTED_INCLUDE_IN_FRAMEWORK_HEADER = YES;
				CLANG_WARN_RANGE_LOOP_ANALYSIS = YES;
				CLANG_WARN_STRICT_PROTOTYPES = YES;
				CLANG_WARN_SUSPICIOUS_MOVE = YES;
				CLANG_WARN_UNGUARDED_AVAILABILITY = YES_AGGRESSIVE;
				CLANG_WARN_UNREACHABLE_CODE = YES;
				CLANG_WARN__DUPLICATE_METHOD_MATCH = YES;
				COPY_PHASE_STRIP = NO;
				DEBUG_INFORMATION_FORMAT = "dwarf-with-dsym";
				ENABLE_NS_ASSERTIONS = NO;
				ENABLE_STRICT_OBJC_MSGSEND = YES;
				GCC_C_LANGUAGE_STANDARD = gnu11;
				GCC_NO_COMMON_BLOCKS = YES;
				GCC_WARN_64_TO_32_BIT_CONVERSION = YES;
				GCC_WARN_ABOUT_RETURN_TYPE = YES_ERROR;
				GCC_WARN_UNDECLARED_SELECTOR = YES;
				GCC_WARN_UNINITIALIZED_AUTOS = YES_AGGRESSIVE;
				GCC_WARN_UNUSED_FUNCTION = YES;
				GCC_WARN_UNUSED_VARIABLE = YES;
				IPHONEOS_DEPLOYMENT_TARGET = 14.0;
				MTL_ENABLE_DEBUG_INFO = NO;
				MTL_FAST_MATH = YES;
				SDKROOT = iphoneos;
				SWIFT_COMPILATION_MODE = wholemodule;
				SWIFT_OPTIMIZATION_LEVEL = "-O";
				VALIDATE_PRODUCT = YES;
			};
			name = Release;
		};
		61D4604F2523C509007A6781 /* Debug */ = {
			isa = XCBuildConfiguration;
			buildSettings = {
				ASSETCATALOG_COMPILER_APPICON_NAME = AppIcon;
				ASSETCATALOG_COMPILER_GLOBAL_ACCENT_COLOR_NAME = AccentColor;
				CODE_SIGN_STYLE = Automatic;
				DEVELOPMENT_TEAM = VB5KPC8TUV;
				INFOPLIST_FILE = MVVM/Info.plist;
				LD_RUNPATH_SEARCH_PATHS = (
					"$(inherited)",
					"@executable_path/Frameworks",
				);
				PRODUCT_BUNDLE_IDENTIFIER = io.github.92pino.MVVM;
				PRODUCT_NAME = "$(TARGET_NAME)";
				SWIFT_VERSION = 5.0;
				TARGETED_DEVICE_FAMILY = "1,2";
			};
			name = Debug;
		};
		61D460502523C509007A6781 /* Release */ = {
			isa = XCBuildConfiguration;
			buildSettings = {
				ASSETCATALOG_COMPILER_APPICON_NAME = AppIcon;
				ASSETCATALOG_COMPILER_GLOBAL_ACCENT_COLOR_NAME = AccentColor;
				CODE_SIGN_STYLE = Automatic;
				DEVELOPMENT_TEAM = VB5KPC8TUV;
				INFOPLIST_FILE = MVVM/Info.plist;
				LD_RUNPATH_SEARCH_PATHS = (
					"$(inherited)",
					"@executable_path/Frameworks",
				);
				PRODUCT_BUNDLE_IDENTIFIER = io.github.92pino.MVVM;
				PRODUCT_NAME = "$(TARGET_NAME)";
				SWIFT_VERSION = 5.0;
				TARGETED_DEVICE_FAMILY = "1,2";
			};
			name = Release;
		};
		61D460522523C509007A6781 /* Debug */ = {
			isa = XCBuildConfiguration;
			buildSettings = {
				ALWAYS_EMBED_SWIFT_STANDARD_LIBRARIES = YES;
				BUNDLE_LOADER = "$(TEST_HOST)";
				CODE_SIGN_STYLE = Automatic;
				DEVELOPMENT_TEAM = VB5KPC8TUV;
				INFOPLIST_FILE = MVVMTests/Info.plist;
				IPHONEOS_DEPLOYMENT_TARGET = 14.0;
				LD_RUNPATH_SEARCH_PATHS = (
					"$(inherited)",
					"@executable_path/Frameworks",
					"@loader_path/Frameworks",
				);
				PRODUCT_BUNDLE_IDENTIFIER = io.github.92pino.MVVMTests;
				PRODUCT_NAME = "$(TARGET_NAME)";
				SWIFT_VERSION = 5.0;
				TARGETED_DEVICE_FAMILY = "1,2";
				TEST_HOST = "$(BUILT_PRODUCTS_DIR)/MVVM.app/MVVM";
			};
			name = Debug;
		};
		61D460532523C509007A6781 /* Release */ = {
			isa = XCBuildConfiguration;
			buildSettings = {
				ALWAYS_EMBED_SWIFT_STANDARD_LIBRARIES = YES;
				BUNDLE_LOADER = "$(TEST_HOST)";
				CODE_SIGN_STYLE = Automatic;
				DEVELOPMENT_TEAM = VB5KPC8TUV;
				INFOPLIST_FILE = MVVMTests/Info.plist;
				IPHONEOS_DEPLOYMENT_TARGET = 14.0;
				LD_RUNPATH_SEARCH_PATHS = (
					"$(inherited)",
					"@executable_path/Frameworks",
					"@loader_path/Frameworks",
				);
				PRODUCT_BUNDLE_IDENTIFIER = io.github.92pino.MVVMTests;
				PRODUCT_NAME = "$(TARGET_NAME)";
				SWIFT_VERSION = 5.0;
				TARGETED_DEVICE_FAMILY = "1,2";
				TEST_HOST = "$(BUILT_PRODUCTS_DIR)/MVVM.app/MVVM";
			};
			name = Release;
		};
		61D460552523C509007A6781 /* Debug */ = {
			isa = XCBuildConfiguration;
			buildSettings = {
				ALWAYS_EMBED_SWIFT_STANDARD_LIBRARIES = YES;
				CODE_SIGN_STYLE = Automatic;
				DEVELOPMENT_TEAM = VB5KPC8TUV;
				INFOPLIST_FILE = MVVMUITests/Info.plist;
				LD_RUNPATH_SEARCH_PATHS = (
					"$(inherited)",
					"@executable_path/Frameworks",
					"@loader_path/Frameworks",
				);
				PRODUCT_BUNDLE_IDENTIFIER = io.github.92pino.MVVMUITests;
				PRODUCT_NAME = "$(TARGET_NAME)";
				SWIFT_VERSION = 5.0;
				TARGETED_DEVICE_FAMILY = "1,2";
				TEST_TARGET_NAME = MVVM;
			};
			name = Debug;
		};
		61D460562523C509007A6781 /* Release */ = {
			isa = XCBuildConfiguration;
			buildSettings = {
				ALWAYS_EMBED_SWIFT_STANDARD_LIBRARIES = YES;
				CODE_SIGN_STYLE = Automatic;
				DEVELOPMENT_TEAM = VB5KPC8TUV;
				INFOPLIST_FILE = MVVMUITests/Info.plist;
				LD_RUNPATH_SEARCH_PATHS = (
					"$(inherited)",
					"@executable_path/Frameworks",
					"@loader_path/Frameworks",
				);
				PRODUCT_BUNDLE_IDENTIFIER = io.github.92pino.MVVMUITests;
				PRODUCT_NAME = "$(TARGET_NAME)";
				SWIFT_VERSION = 5.0;
				TARGETED_DEVICE_FAMILY = "1,2";
				TEST_TARGET_NAME = MVVM;
			};
			name = Release;
		};
/* End XCBuildConfiguration section */

/* Begin XCConfigurationList section */
		61D4601F2523C506007A6781 /* Build configuration list for PBXProject "MVVM" */ = {
			isa = XCConfigurationList;
			buildConfigurations = (
				61D4604C2523C509007A6781 /* Debug */,
				61D4604D2523C509007A6781 /* Release */,
			);
			defaultConfigurationIsVisible = 0;
			defaultConfigurationName = Release;
		};
		61D4604E2523C509007A6781 /* Build configuration list for PBXNativeTarget "MVVM" */ = {
			isa = XCConfigurationList;
			buildConfigurations = (
				61D4604F2523C509007A6781 /* Debug */,
				61D460502523C509007A6781 /* Release */,
			);
			defaultConfigurationIsVisible = 0;
			defaultConfigurationName = Release;
		};
		61D460512523C509007A6781 /* Build configuration list for PBXNativeTarget "MVVMTests" */ = {
			isa = XCConfigurationList;
			buildConfigurations = (
				61D460522523C509007A6781 /* Debug */,
				61D460532523C509007A6781 /* Release */,
			);
			defaultConfigurationIsVisible = 0;
			defaultConfigurationName = Release;
		};
		61D460542523C509007A6781 /* Build configuration list for PBXNativeTarget "MVVMUITests" */ = {
			isa = XCConfigurationList;
			buildConfigurations = (
				61D460552523C509007A6781 /* Debug */,
				61D460562523C509007A6781 /* Release */,
			);
			defaultConfigurationIsVisible = 0;
			defaultConfigurationName = Release;
		};
/* End XCConfigurationList section */
	};
	rootObject = 61D4601C2523C506007A6781 /* Project object */;
}
