// !$*UTF8*$!
{
	archiveVersion = 1;
	classes = {
	};
	objectVersion = 51;
	objects = {

/* Begin PBXBuildFile section */
		114779686BD0A87CEAC380D8 /* Pods_FCM_Test.framework in Frameworks */ = {isa = PBXBuildFile; fileRef = FEBAFC8AD7AC00486A061F5F /* Pods_FCM_Test.framework */; };
		61C22F4F25179171000588B0 /* AppDelegate.swift in Sources */ = {isa = PBXBuildFile; fileRef = 61C22F4E25179171000588B0 /* AppDelegate.swift */; };
		61C22F5125179171000588B0 /* SceneDelegate.swift in Sources */ = {isa = PBXBuildFile; fileRef = 61C22F5025179171000588B0 /* SceneDelegate.swift */; };
		61C22F5325179171000588B0 /* ViewController.swift in Sources */ = {isa = PBXBuildFile; fileRef = 61C22F5225179171000588B0 /* ViewController.swift */; };
		61C22F5625179171000588B0 /* Main.storyboard in Resources */ = {isa = PBXBuildFile; fileRef = 61C22F5425179171000588B0 /* Main.storyboard */; };
		61C22F5825179177000588B0 /* Assets.xcassets in Resources */ = {isa = PBXBuildFile; fileRef = 61C22F5725179177000588B0 /* Assets.xcassets */; };
		61C22F5B25179177000588B0 /* LaunchScreen.storyboard in Resources */ = {isa = PBXBuildFile; fileRef = 61C22F5925179177000588B0 /* LaunchScreen.storyboard */; };
		61C22F682518E530000588B0 /* GoogleService-Info.plist in Resources */ = {isa = PBXBuildFile; fileRef = 61C22F672518E530000588B0 /* GoogleService-Info.plist */; };
/* End PBXBuildFile section */

/* Begin PBXFileReference section */
		254A26991A3B0AC5B9DB039C /* Pods-FCM_Test.debug.xcconfig */ = {isa = PBXFileReference; includeInIndex = 1; lastKnownFileType = text.xcconfig; name = "Pods-FCM_Test.debug.xcconfig"; path = "Target Support Files/Pods-FCM_Test/Pods-FCM_Test.debug.xcconfig"; sourceTree = "<group>"; };
		61C22F4B25179171000588B0 /* FCM_Test.app */ = {isa = PBXFileReference; explicitFileType = wrapper.application; includeInIndex = 0; path = FCM_Test.app; sourceTree = BUILT_PRODUCTS_DIR; };
		61C22F4E25179171000588B0 /* AppDelegate.swift */ = {isa = PBXFileReference; lastKnownFileType = sourcecode.swift; path = AppDelegate.swift; sourceTree = "<group>"; };
		61C22F5025179171000588B0 /* SceneDelegate.swift */ = {isa = PBXFileReference; lastKnownFileType = sourcecode.swift; path = SceneDelegate.swift; sourceTree = "<group>"; };
		61C22F5225179171000588B0 /* ViewController.swift */ = {isa = PBXFileReference; lastKnownFileType = sourcecode.swift; path = ViewController.swift; sourceTree = "<group>"; };
		61C22F5525179171000588B0 /* Base */ = {isa = PBXFileReference; lastKnownFileType = file.storyboard; name = Base; path = Base.lproj/Main.storyboard; sourceTree = "<group>"; };
		61C22F5725179177000588B0 /* Assets.xcassets */ = {isa = PBXFileReference; lastKnownFileType = folder.assetcatalog; path = Assets.xcassets; sourceTree = "<group>"; };
		61C22F5A25179177000588B0 /* Base */ = {isa = PBXFileReference; lastKnownFileType = file.storyboard; name = Base; path = Base.lproj/LaunchScreen.storyboard; sourceTree = "<group>"; };
		61C22F5C25179177000588B0 /* Info.plist */ = {isa = PBXFileReference; lastKnownFileType = text.plist.xml; path = Info.plist; sourceTree = "<group>"; };
		61C22F662518E2A3000588B0 /* FCM_Test.entitlements */ = {isa = PBXFileReference; lastKnownFileType = text.plist.entitlements; path = FCM_Test.entitlements; sourceTree = "<group>"; };
		61C22F672518E530000588B0 /* GoogleService-Info.plist */ = {isa = PBXFileReference; fileEncoding = 4; lastKnownFileType = text.plist.xml; path = "GoogleService-Info.plist"; sourceTree = "<group>"; };
		BA10462FB5E0FC6338558301 /* Pods-FCM_Test.release.xcconfig */ = {isa = PBXFileReference; includeInIndex = 1; lastKnownFileType = text.xcconfig; name = "Pods-FCM_Test.release.xcconfig"; path = "Target Support Files/Pods-FCM_Test/Pods-FCM_Test.release.xcconfig"; sourceTree = "<group>"; };
		FEBAFC8AD7AC00486A061F5F /* Pods_FCM_Test.framework */ = {isa = PBXFileReference; explicitFileType = wrapper.framework; includeInIndex = 0; path = Pods_FCM_Test.framework; sourceTree = BUILT_PRODUCTS_DIR; };
/* End PBXFileReference section */

/* Begin PBXFrameworksBuildPhase section */
		61C22F4825179171000588B0 /* Frameworks */ = {
			isa = PBXFrameworksBuildPhase;
			buildActionMask = 2147483647;
			files = (
				114779686BD0A87CEAC380D8 /* Pods_FCM_Test.framework in Frameworks */,
			);
			runOnlyForDeploymentPostprocessing = 0;
		};
/* End PBXFrameworksBuildPhase section */

/* Begin PBXGroup section */
		61C22F4225179171000588B0 = {
			isa = PBXGroup;
			children = (
				61C22F4D25179171000588B0 /* FCM_Test */,
				61C22F4C25179171000588B0 /* Products */,
				A9D33C414DB5EDC273A3740A /* Pods */,
				A73743F9BB21007F25ABFCAB /* Frameworks */,
			);
			sourceTree = "<group>";
		};
		61C22F4C25179171000588B0 /* Products */ = {
			isa = PBXGroup;
			children = (
				61C22F4B25179171000588B0 /* FCM_Test.app */,
			);
			name = Products;
			sourceTree = "<group>";
		};
		61C22F4D25179171000588B0 /* FCM_Test */ = {
			isa = PBXGroup;
			children = (
				61C22F662518E2A3000588B0 /* FCM_Test.entitlements */,
				61C22F4E25179171000588B0 /* AppDelegate.swift */,
				61C22F5025179171000588B0 /* SceneDelegate.swift */,
				61C22F5225179171000588B0 /* ViewController.swift */,
				61C22F5425179171000588B0 /* Main.storyboard */,
				61C22F5725179177000588B0 /* Assets.xcassets */,
				61C22F672518E530000588B0 /* GoogleService-Info.plist */,
				61C22F5925179177000588B0 /* LaunchScreen.storyboard */,
				61C22F5C25179177000588B0 /* Info.plist */,
			);
			path = FCM_Test;
			sourceTree = "<group>";
		};
		A73743F9BB21007F25ABFCAB /* Frameworks */ = {
			isa = PBXGroup;
			children = (
				FEBAFC8AD7AC00486A061F5F /* Pods_FCM_Test.framework */,
			);
			name = Frameworks;
			sourceTree = "<group>";
		};
		A9D33C414DB5EDC273A3740A /* Pods */ = {
			isa = PBXGroup;
			children = (
				254A26991A3B0AC5B9DB039C /* Pods-FCM_Test.debug.xcconfig */,
				BA10462FB5E0FC6338558301 /* Pods-FCM_Test.release.xcconfig */,
			);
			path = Pods;
			sourceTree = "<group>";
		};
/* End PBXGroup section */

/* Begin PBXNativeTarget section */
		61C22F4A25179171000588B0 /* FCM_Test */ = {
			isa = PBXNativeTarget;
			buildConfigurationList = 61C22F5F25179177000588B0 /* Build configuration list for PBXNativeTarget "FCM_Test" */;
			buildPhases = (
				16F72B34497D79B3D51320C0 /* [CP] Check Pods Manifest.lock */,
				61C22F4725179171000588B0 /* Sources */,
				61C22F4825179171000588B0 /* Frameworks */,
				61C22F4925179171000588B0 /* Resources */,
				BE5D55EA240D57D2B761CBBF /* [CP] Embed Pods Frameworks */,
			);
			buildRules = (
			);
			dependencies = (
			);
			name = FCM_Test;
			productName = FCM_Test;
			productReference = 61C22F4B25179171000588B0 /* FCM_Test.app */;
			productType = "com.apple.product-type.application";
		};
/* End PBXNativeTarget section */

/* Begin PBXProject section */
		61C22F4325179171000588B0 /* Project object */ = {
			isa = PBXProject;
			attributes = {
				LastSwiftUpdateCheck = 1130;
				LastUpgradeCheck = 1130;
				ORGANIZATIONNAME = pino;
				TargetAttributes = {
					61C22F4A25179171000588B0 = {
						CreatedOnToolsVersion = 11.3.1;
					};
				};
			};
			buildConfigurationList = 61C22F4625179171000588B0 /* Build configuration list for PBXProject "FCM_Test" */;
			compatibilityVersion = "Xcode 9.3";
			developmentRegion = en;
			hasScannedForEncodings = 0;
			knownRegions = (
				en,
				Base,
			);
			mainGroup = 61C22F4225179171000588B0;
			productRefGroup = 61C22F4C25179171000588B0 /* Products */;
			projectDirPath = "";
			projectRoot = "";
			targets = (
				61C22F4A25179171000588B0 /* FCM_Test */,
			);
		};
/* End PBXProject section */

/* Begin PBXResourcesBuildPhase section */
		61C22F4925179171000588B0 /* Resources */ = {
			isa = PBXResourcesBuildPhase;
			buildActionMask = 2147483647;
			files = (
				61C22F5B25179177000588B0 /* LaunchScreen.storyboard in Resources */,
				61C22F682518E530000588B0 /* GoogleService-Info.plist in Resources */,
				61C22F5825179177000588B0 /* Assets.xcassets in Resources */,
				61C22F5625179171000588B0 /* Main.storyboard in Resources */,
			);
			runOnlyForDeploymentPostprocessing = 0;
		};
/* End PBXResourcesBuildPhase section */

/* Begin PBXShellScriptBuildPhase section */
		16F72B34497D79B3D51320C0 /* [CP] Check Pods Manifest.lock */ = {
			isa = PBXShellScriptBuildPhase;
			buildActionMask = 2147483647;
			files = (
			);
			inputFileListPaths = (
			);
			inputPaths = (
				"${PODS_PODFILE_DIR_PATH}/Podfile.lock",
				"${PODS_ROOT}/Manifest.lock",
			);
			name = "[CP] Check Pods Manifest.lock";
			outputFileListPaths = (
			);
			outputPaths = (
				"$(DERIVED_FILE_DIR)/Pods-FCM_Test-checkManifestLockResult.txt",
			);
			runOnlyForDeploymentPostprocessing = 0;
			shellPath = /bin/sh;
			shellScript = "diff \"${PODS_PODFILE_DIR_PATH}/Podfile.lock\" \"${PODS_ROOT}/Manifest.lock\" > /dev/null\nif [ $? != 0 ] ; then\n    # print error to STDERR\n    echo \"error: The sandbox is not in sync with the Podfile.lock. Run 'pod install' or update your CocoaPods installation.\" >&2\n    exit 1\nfi\n# This output is used by Xcode 'outputs' to avoid re-running this script phase.\necho \"SUCCESS\" > \"${SCRIPT_OUTPUT_FILE_0}\"\n";
			showEnvVarsInLog = 0;
		};
		BE5D55EA240D57D2B761CBBF /* [CP] Embed Pods Frameworks */ = {
			isa = PBXShellScriptBuildPhase;
			buildActionMask = 2147483647;
			files = (
			);
			inputFileListPaths = (
				"${PODS_ROOT}/Target Support Files/Pods-FCM_Test/Pods-FCM_Test-frameworks-${CONFIGURATION}-input-files.xcfilelist",
			);
			name = "[CP] Embed Pods Frameworks";
			outputFileListPaths = (
				"${PODS_ROOT}/Target Support Files/Pods-FCM_Test/Pods-FCM_Test-frameworks-${CONFIGURATION}-output-files.xcfilelist",
			);
			runOnlyForDeploymentPostprocessing = 0;
			shellPath = /bin/sh;
			shellScript = "\"${PODS_ROOT}/Target Support Files/Pods-FCM_Test/Pods-FCM_Test-frameworks.sh\"\n";
			showEnvVarsInLog = 0;
		};
/* End PBXShellScriptBuildPhase section */

/* Begin PBXSourcesBuildPhase section */
		61C22F4725179171000588B0 /* Sources */ = {
			isa = PBXSourcesBuildPhase;
			buildActionMask = 2147483647;
			files = (
				61C22F5325179171000588B0 /* ViewController.swift in Sources */,
				61C22F4F25179171000588B0 /* AppDelegate.swift in Sources */,
				61C22F5125179171000588B0 /* SceneDelegate.swift in Sources */,
			);
			runOnlyForDeploymentPostprocessing = 0;
		};
/* End PBXSourcesBuildPhase section */

/* Begin PBXVariantGroup section */
		61C22F5425179171000588B0 /* Main.storyboard */ = {
			isa = PBXVariantGroup;
			children = (
				61C22F5525179171000588B0 /* Base */,
			);
			name = Main.storyboard;
			sourceTree = "<group>";
		};
		61C22F5925179177000588B0 /* LaunchScreen.storyboard */ = {
			isa = PBXVariantGroup;
			children = (
				61C22F5A25179177000588B0 /* Base */,
			);
			name = LaunchScreen.storyboard;
			sourceTree = "<group>";
		};
/* End PBXVariantGroup section */

/* Begin XCBuildConfiguration section */
		61C22F5D25179177000588B0 /* Debug */ = {
			isa = XCBuildConfiguration;
			buildSettings = {
				ALWAYS_SEARCH_USER_PATHS = NO;
				CLANG_ANALYZER_NONNULL = YES;
				CLANG_ANALYZER_NUMBER_OBJECT_CONVERSION = YES_AGGRESSIVE;
				CLANG_CXX_LANGUAGE_STANDARD = "gnu++14";
				CLANG_CXX_LIBRARY = "libc++";
				CLANG_ENABLE_MODULES = YES;
				CLANG_ENABLE_OBJC_ARC = YES;
				CLANG_ENABLE_OBJC_WEAK = YES;
				CLANG_WARN_BLOCK_CAPTURE_AUTORELEASING = YES;
				CLANG_WARN_BOOL_CONVERSION = YES;
				CLANG_WARN_COMMA = YES;
				CLANG_WARN_CONSTANT_CONVERSION = YES;
				CLANG_WARN_DEPRECATED_OBJC_IMPLEMENTATIONS = YES;
				CLANG_WARN_DIRECT_OBJC_ISA_USAGE = YES_ERROR;
				CLANG_WARN_DOCUMENTATION_COMMENTS = YES;
				CLANG_WARN_EMPTY_BODY = YES;
				CLANG_WARN_ENUM_CONVERSION = YES;
				CLANG_WARN_INFINITE_RECURSION = YES;
				CLANG_WARN_INT_CONVERSION = YES;
				CLANG_WARN_NON_LITERAL_NULL_CONVERSION = YES;
				CLANG_WARN_OBJC_IMPLICIT_RETAIN_SELF = YES;
				CLANG_WARN_OBJC_LITERAL_CONVERSION = YES;
				CLANG_WARN_OBJC_ROOT_CLASS = YES_ERROR;
				CLANG_WARN_RANGE_LOOP_ANALYSIS = YES;
				CLANG_WARN_STRICT_PROTOTYPES = YES;
				CLANG_WARN_SUSPICIOUS_MOVE = YES;
				CLANG_WARN_UNGUARDED_AVAILABILITY = YES_AGGRESSIVE;
				CLANG_WARN_UNREACHABLE_CODE = YES;
				CLANG_WARN__DUPLICATE_METHOD_MATCH = YES;
				COPY_PHASE_STRIP = NO;
				DEBUG_INFORMATION_FORMAT = dwarf;
				ENABLE_STRICT_OBJC_MSGSEND = YES;
				ENABLE_TESTABILITY = YES;
				GCC_C_LANGUAGE_STANDARD = gnu11;
				GCC_DYNAMIC_NO_PIC = NO;
				GCC_NO_COMMON_BLOCKS = YES;
				GCC_OPTIMIZATION_LEVEL = 0;
				GCC_PREPROCESSOR_DEFINITIONS = (
					"DEBUG=1",
					"$(inherited)",
				);
				GCC_WARN_64_TO_32_BIT_CONVERSION = YES;
				GCC_WARN_ABOUT_RETURN_TYPE = YES_ERROR;
				GCC_WARN_UNDECLARED_SELECTOR = YES;
				GCC_WARN_UNINITIALIZED_AUTOS = YES_AGGRESSIVE;
				GCC_WARN_UNUSED_FUNCTION = YES;
				GCC_WARN_UNUSED_VARIABLE = YES;
				IPHONEOS_DEPLOYMENT_TARGET = 13.2;
				MTL_ENABLE_DEBUG_INFO = INCLUDE_SOURCE;
				MTL_FAST_MATH = YES;
				ONLY_ACTIVE_ARCH = YES;
				SDKROOT = iphoneos;
				SWIFT_ACTIVE_COMPILATION_CONDITIONS = DEBUG;
				SWIFT_OPTIMIZATION_LEVEL = "-Onone";
			};
			name = Debug;
		};
		61C22F5E25179177000588B0 /* Release */ = {
			isa = XCBuildConfiguration;
			buildSettings = {
				ALWAYS_SEARCH_USER_PATHS = NO;
				CLANG_ANALYZER_NONNULL = YES;
				CLANG_ANALYZER_NUMBER_OBJECT_CONVERSION = YES_AGGRESSIVE;
				CLANG_CXX_LANGUAGE_STANDARD = "gnu++14";
				CLANG_CXX_LIBRARY = "libc++";
				CLANG_ENABLE_MODULES = YES;
				CLANG_ENABLE_OBJC_ARC = YES;
				CLANG_ENABLE_OBJC_WEAK = YES;
				CLANG_WARN_BLOCK_CAPTURE_AUTORELEASING = YES;
				CLANG_WARN_BOOL_CONVERSION = YES;
				CLANG_WARN_COMMA = YES;
				CLANG_WARN_CONSTANT_CONVERSION = YES;
				CLANG_WARN_DEPRECATED_OBJC_IMPLEMENTATIONS = YES;
				CLANG_WARN_DIRECT_OBJC_ISA_USAGE = YES_ERROR;
				CLANG_WARN_DOCUMENTATION_COMMENTS = YES;
				CLANG_WARN_EMPTY_BODY = YES;
				CLANG_WARN_ENUM_CONVERSION = YES;
				CLANG_WARN_INFINITE_RECURSION = YES;
				CLANG_WARN_INT_CONVERSION = YES;
				CLANG_WARN_NON_LITERAL_NULL_CONVERSION = YES;
				CLANG_WARN_OBJC_IMPLICIT_RETAIN_SELF = YES;
				CLANG_WARN_OBJC_LITERAL_CONVERSION = YES;
				CLANG_WARN_OBJC_ROOT_CLASS = YES_ERROR;
				CLANG_WARN_RANGE_LOOP_ANALYSIS = YES;
				CLANG_WARN_STRICT_PROTOTYPES = YES;
				CLANG_WARN_SUSPICIOUS_MOVE = YES;
				CLANG_WARN_UNGUARDED_AVAILABILITY = YES_AGGRESSIVE;
				CLANG_WARN_UNREACHABLE_CODE = YES;
				CLANG_WARN__DUPLICATE_METHOD_MATCH = YES;
				COPY_PHASE_STRIP = NO;
				DEBUG_INFORMATION_FORMAT = "dwarf-with-dsym";
				ENABLE_NS_ASSERTIONS = NO;
				ENABLE_STRICT_OBJC_MSGSEND = YES;
				GCC_C_LANGUAGE_STANDARD = gnu11;
				GCC_NO_COMMON_BLOCKS = YES;
				GCC_WARN_64_TO_32_BIT_CONVERSION = YES;
				GCC_WARN_ABOUT_RETURN_TYPE = YES_ERROR;
				GCC_WARN_UNDECLARED_SELECTOR = YES;
				GCC_WARN_UNINITIALIZED_AUTOS = YES_AGGRESSIVE;
				GCC_WARN_UNUSED_FUNCTION = YES;
				GCC_WARN_UNUSED_VARIABLE = YES;
				IPHONEOS_DEPLOYMENT_TARGET = 13.2;
				MTL_ENABLE_DEBUG_INFO = NO;
				MTL_FAST_MATH = YES;
				SDKROOT = iphoneos;
				SWIFT_COMPILATION_MODE = wholemodule;
				SWIFT_OPTIMIZATION_LEVEL = "-O";
				VALIDATE_PRODUCT = YES;
			};
			name = Release;
		};
		61C22F6025179177000588B0 /* Debug */ = {
			isa = XCBuildConfiguration;
			baseConfigurationReference = 254A26991A3B0AC5B9DB039C /* Pods-FCM_Test.debug.xcconfig */;
			buildSettings = {
				ASSETCATALOG_COMPILER_APPICON_NAME = AppIcon;
				CODE_SIGN_ENTITLEMENTS = FCM_Test/FCM_Test.entitlements;
				CODE_SIGN_IDENTITY = "Apple Development";
				CODE_SIGN_STYLE = Automatic;
				DEVELOPMENT_TEAM = VB5KPC8TUV;
				INFOPLIST_FILE = FCM_Test/Info.plist;
				LD_RUNPATH_SEARCH_PATHS = (
					"$(inherited)",
					"@executable_path/Frameworks",
				);
				PRODUCT_BUNDLE_IDENTIFIER = "ios.devpino.FCM-Test";
				PRODUCT_NAME = "$(TARGET_NAME)";
				PROVISIONING_PROFILE_SPECIFIER = "";
				SWIFT_VERSION = 5.0;
				TARGETED_DEVICE_FAMILY = "1,2";
			};
			name = Debug;
		};
		61C22F6125179177000588B0 /* Release */ = {
			isa = XCBuildConfiguration;
			baseConfigurationReference = BA10462FB5E0FC6338558301 /* Pods-FCM_Test.release.xcconfig */;
			buildSettings = {
				ASSETCATALOG_COMPILER_APPICON_NAME = AppIcon;
				CODE_SIGN_ENTITLEMENTS = FCM_Test/FCM_Test.entitlements;
				CODE_SIGN_IDENTITY = "Apple Development";
				CODE_SIGN_STYLE = Automatic;
				DEVELOPMENT_TEAM = VB5KPC8TUV;
				INFOPLIST_FILE = FCM_Test/Info.plist;
				LD_RUNPATH_SEARCH_PATHS = (
					"$(inherited)",
					"@executable_path/Frameworks",
				);
				PRODUCT_BUNDLE_IDENTIFIER = "ios.devpino.FCM-Test";
				PRODUCT_NAME = "$(TARGET_NAME)";
				PROVISIONING_PROFILE_SPECIFIER = "";
				SWIFT_VERSION = 5.0;
				TARGETED_DEVICE_FAMILY = "1,2";
			};
			name = Release;
		};
/* End XCBuildConfiguration section */

/* Begin XCConfigurationList section */
		61C22F4625179171000588B0 /* Build configuration list for PBXProject "FCM_Test" */ = {
			isa = XCConfigurationList;
			buildConfigurations = (
				61C22F5D25179177000588B0 /* Debug */,
				61C22F5E25179177000588B0 /* Release */,
			);
			defaultConfigurationIsVisible = 0;
			defaultConfigurationName = Release;
		};
		61C22F5F25179177000588B0 /* Build configuration list for PBXNativeTarget "FCM_Test" */ = {
			isa = XCConfigurationList;
			buildConfigurations = (
				61C22F6025179177000588B0 /* Debug */,
				61C22F6125179177000588B0 /* Release */,
			);
			defaultConfigurationIsVisible = 0;
			defaultConfigurationName = Release;
		};
/* End XCConfigurationList section */
	};
	rootObject = 61C22F4325179171000588B0 /* Project object */;
}
