// !$*UTF8*$!
{
	archiveVersion = 1;
	classes = {
	};
	objectVersion = 50;
	objects = {

/* Begin PBXBuildFile section */
		61FCB89424A6F4EA008EB66E /* AppDelegate.swift in Sources */ = {isa = PBXBuildFile; fileRef = 61FCB89324A6F4EA008EB66E /* AppDelegate.swift */; };
		61FCB89624A6F4EA008EB66E /* SceneDelegate.swift in Sources */ = {isa = PBXBuildFile; fileRef = 61FCB89524A6F4EA008EB66E /* SceneDelegate.swift */; };
		61FCB89B24A6F4EA008EB66E /* Main.storyboard in Resources */ = {isa = PBXBuildFile; fileRef = 61FCB89924A6F4EA008EB66E /* Main.storyboard */; };
		61FCB89D24A6F4F0008EB66E /* Assets.xcassets in Resources */ = {isa = PBXBuildFile; fileRef = 61FCB89C24A6F4F0008EB66E /* Assets.xcassets */; };
		61FCB8A024A6F4F0008EB66E /* LaunchScreen.storyboard in Resources */ = {isa = PBXBuildFile; fileRef = 61FCB89E24A6F4F0008EB66E /* LaunchScreen.storyboard */; };
		61FCB8AD24A6F5DE008EB66E /* LoginController.swift in Sources */ = {isa = PBXBuildFile; fileRef = 61FCB8AC24A6F5DE008EB66E /* LoginController.swift */; };
		D3BCB611E718D4D20AFE4BBA /* Pods_UberTutorial.framework in Frameworks */ = {isa = PBXBuildFile; fileRef = 50D3A5432F09AFC3035D20AE /* Pods_UberTutorial.framework */; };
/* End PBXBuildFile section */

/* Begin PBXFileReference section */
		066B8F8CC15F7584316C2120 /* Pods-UberTutorial.release.xcconfig */ = {isa = PBXFileReference; includeInIndex = 1; lastKnownFileType = text.xcconfig; name = "Pods-UberTutorial.release.xcconfig"; path = "Target Support Files/Pods-UberTutorial/Pods-UberTutorial.release.xcconfig"; sourceTree = "<group>"; };
		50D3A5432F09AFC3035D20AE /* Pods_UberTutorial.framework */ = {isa = PBXFileReference; explicitFileType = wrapper.framework; includeInIndex = 0; path = Pods_UberTutorial.framework; sourceTree = BUILT_PRODUCTS_DIR; };
		61FCB89024A6F4EA008EB66E /* UberTutorial.app */ = {isa = PBXFileReference; explicitFileType = wrapper.application; includeInIndex = 0; path = UberTutorial.app; sourceTree = BUILT_PRODUCTS_DIR; };
		61FCB89324A6F4EA008EB66E /* AppDelegate.swift */ = {isa = PBXFileReference; lastKnownFileType = sourcecode.swift; path = AppDelegate.swift; sourceTree = "<group>"; };
		61FCB89524A6F4EA008EB66E /* SceneDelegate.swift */ = {isa = PBXFileReference; lastKnownFileType = sourcecode.swift; path = SceneDelegate.swift; sourceTree = "<group>"; };
		61FCB89A24A6F4EA008EB66E /* Base */ = {isa = PBXFileReference; lastKnownFileType = file.storyboard; name = Base; path = Base.lproj/Main.storyboard; sourceTree = "<group>"; };
		61FCB89C24A6F4F0008EB66E /* Assets.xcassets */ = {isa = PBXFileReference; lastKnownFileType = folder.assetcatalog; path = Assets.xcassets; sourceTree = "<group>"; };
		61FCB89F24A6F4F0008EB66E /* Base */ = {isa = PBXFileReference; lastKnownFileType = file.storyboard; name = Base; path = Base.lproj/LaunchScreen.storyboard; sourceTree = "<group>"; };
		61FCB8A124A6F4F0008EB66E /* Info.plist */ = {isa = PBXFileReference; lastKnownFileType = text.plist.xml; path = Info.plist; sourceTree = "<group>"; };
		61FCB8AC24A6F5DE008EB66E /* LoginController.swift */ = {isa = PBXFileReference; lastKnownFileType = sourcecode.swift; path = LoginController.swift; sourceTree = "<group>"; };
		CF19D986ED078083E24ABD7F /* Pods-UberTutorial.debug.xcconfig */ = {isa = PBXFileReference; includeInIndex = 1; lastKnownFileType = text.xcconfig; name = "Pods-UberTutorial.debug.xcconfig"; path = "Target Support Files/Pods-UberTutorial/Pods-UberTutorial.debug.xcconfig"; sourceTree = "<group>"; };
/* End PBXFileReference section */

/* Begin PBXFrameworksBuildPhase section */
		61FCB88D24A6F4EA008EB66E /* Frameworks */ = {
			isa = PBXFrameworksBuildPhase;
			buildActionMask = 2147483647;
			files = (
				D3BCB611E718D4D20AFE4BBA /* Pods_UberTutorial.framework in Frameworks */,
			);
			runOnlyForDeploymentPostprocessing = 0;
		};
/* End PBXFrameworksBuildPhase section */

/* Begin PBXGroup section */
		61FCB88724A6F4EA008EB66E = {
			isa = PBXGroup;
			children = (
				61FCB89224A6F4EA008EB66E /* UberTutorial */,
				61FCB89124A6F4EA008EB66E /* Products */,
				E695DCEA1C9B4AB040BDD771 /* Pods */,
				C2BC8F2E22B8F7466E46B572 /* Frameworks */,
			);
			sourceTree = "<group>";
		};
		61FCB89124A6F4EA008EB66E /* Products */ = {
			isa = PBXGroup;
			children = (
				61FCB89024A6F4EA008EB66E /* UberTutorial.app */,
			);
			name = Products;
			sourceTree = "<group>";
		};
		61FCB89224A6F4EA008EB66E /* UberTutorial */ = {
			isa = PBXGroup;
			children = (
				61FCB8AA24A6F54A008EB66E /* Model */,
				61FCB8A924A6F547008EB66E /* View */,
				61FCB8A824A6F545008EB66E /* Controller */,
				61FCB8A724A6F53D008EB66E /* Service */,
				61FCB8AB24A6F559008EB66E /* Utils */,
				61FCB89324A6F4EA008EB66E /* AppDelegate.swift */,
				61FCB89524A6F4EA008EB66E /* SceneDelegate.swift */,
				61FCB89924A6F4EA008EB66E /* Main.storyboard */,
				61FCB89C24A6F4F0008EB66E /* Assets.xcassets */,
				61FCB89E24A6F4F0008EB66E /* LaunchScreen.storyboard */,
				61FCB8A124A6F4F0008EB66E /* Info.plist */,
			);
			path = UberTutorial;
			sourceTree = "<group>";
		};
		61FCB8A724A6F53D008EB66E /* Service */ = {
			isa = PBXGroup;
			children = (
			);
			path = Service;
			sourceTree = "<group>";
		};
		61FCB8A824A6F545008EB66E /* Controller */ = {
			isa = PBXGroup;
			children = (
				61FCB8AC24A6F5DE008EB66E /* LoginController.swift */,
			);
			path = Controller;
			sourceTree = "<group>";
		};
		61FCB8A924A6F547008EB66E /* View */ = {
			isa = PBXGroup;
			children = (
			);
			path = View;
			sourceTree = "<group>";
		};
		61FCB8AA24A6F54A008EB66E /* Model */ = {
			isa = PBXGroup;
			children = (
			);
			path = Model;
			sourceTree = "<group>";
		};
		61FCB8AB24A6F559008EB66E /* Utils */ = {
			isa = PBXGroup;
			children = (
			);
			path = Utils;
			sourceTree = "<group>";
		};
		C2BC8F2E22B8F7466E46B572 /* Frameworks */ = {
			isa = PBXGroup;
			children = (
				50D3A5432F09AFC3035D20AE /* Pods_UberTutorial.framework */,
			);
			name = Frameworks;
			sourceTree = "<group>";
		};
		E695DCEA1C9B4AB040BDD771 /* Pods */ = {
			isa = PBXGroup;
			children = (
				CF19D986ED078083E24ABD7F /* Pods-UberTutorial.debug.xcconfig */,
				066B8F8CC15F7584316C2120 /* Pods-UberTutorial.release.xcconfig */,
			);
			name = Pods;
			path = Pods;
			sourceTree = "<group>";
		};
/* End PBXGroup section */

/* Begin PBXNativeTarget section */
		61FCB88F24A6F4EA008EB66E /* UberTutorial */ = {
			isa = PBXNativeTarget;
			buildConfigurationList = 61FCB8A424A6F4F0008EB66E /* Build configuration list for PBXNativeTarget "UberTutorial" */;
			buildPhases = (
				49C01E774A80D6D2E5D5CE15 /* [CP] Check Pods Manifest.lock */,
				61FCB88C24A6F4EA008EB66E /* Sources */,
				61FCB88D24A6F4EA008EB66E /* Frameworks */,
				61FCB88E24A6F4EA008EB66E /* Resources */,
				FBBD4909F7094D60C8401DC5 /* [CP] Embed Pods Frameworks */,
			);
			buildRules = (
			);
			dependencies = (
			);
			name = UberTutorial;
			productName = UberTutorial;
			productReference = 61FCB89024A6F4EA008EB66E /* UberTutorial.app */;
			productType = "com.apple.product-type.application";
		};
/* End PBXNativeTarget section */

/* Begin PBXProject section */
		61FCB88824A6F4EA008EB66E /* Project object */ = {
			isa = PBXProject;
			attributes = {
				LastSwiftUpdateCheck = 1130;
				LastUpgradeCheck = 1130;
				ORGANIZATIONNAME = pino;
				TargetAttributes = {
					61FCB88F24A6F4EA008EB66E = {
						CreatedOnToolsVersion = 11.3.1;
					};
				};
			};
			buildConfigurationList = 61FCB88B24A6F4EA008EB66E /* Build configuration list for PBXProject "UberTutorial" */;
			compatibilityVersion = "Xcode 9.3";
			developmentRegion = en;
			hasScannedForEncodings = 0;
			knownRegions = (
				en,
				Base,
			);
			mainGroup = 61FCB88724A6F4EA008EB66E;
			productRefGroup = 61FCB89124A6F4EA008EB66E /* Products */;
			projectDirPath = "";
			projectRoot = "";
			targets = (
				61FCB88F24A6F4EA008EB66E /* UberTutorial */,
			);
		};
/* End PBXProject section */

/* Begin PBXResourcesBuildPhase section */
		61FCB88E24A6F4EA008EB66E /* Resources */ = {
			isa = PBXResourcesBuildPhase;
			buildActionMask = 2147483647;
			files = (
				61FCB8A024A6F4F0008EB66E /* LaunchScreen.storyboard in Resources */,
				61FCB89D24A6F4F0008EB66E /* Assets.xcassets in Resources */,
				61FCB89B24A6F4EA008EB66E /* Main.storyboard in Resources */,
			);
			runOnlyForDeploymentPostprocessing = 0;
		};
/* End PBXResourcesBuildPhase section */

/* Begin PBXShellScriptBuildPhase section */
		49C01E774A80D6D2E5D5CE15 /* [CP] Check Pods Manifest.lock */ = {
			isa = PBXShellScriptBuildPhase;
			buildActionMask = 2147483647;
			files = (
			);
			inputFileListPaths = (
			);
			inputPaths = (
				"${PODS_PODFILE_DIR_PATH}/Podfile.lock",
				"${PODS_ROOT}/Manifest.lock",
			);
			name = "[CP] Check Pods Manifest.lock";
			outputFileListPaths = (
			);
			outputPaths = (
				"$(DERIVED_FILE_DIR)/Pods-UberTutorial-checkManifestLockResult.txt",
			);
			runOnlyForDeploymentPostprocessing = 0;
			shellPath = /bin/sh;
			shellScript = "diff \"${PODS_PODFILE_DIR_PATH}/Podfile.lock\" \"${PODS_ROOT}/Manifest.lock\" > /dev/null\nif [ $? != 0 ] ; then\n    # print error to STDERR\n    echo \"error: The sandbox is not in sync with the Podfile.lock. Run 'pod install' or update your CocoaPods installation.\" >&2\n    exit 1\nfi\n# This output is used by Xcode 'outputs' to avoid re-running this script phase.\necho \"SUCCESS\" > \"${SCRIPT_OUTPUT_FILE_0}\"\n";
			showEnvVarsInLog = 0;
		};
		FBBD4909F7094D60C8401DC5 /* [CP] Embed Pods Frameworks */ = {
			isa = PBXShellScriptBuildPhase;
			buildActionMask = 2147483647;
			files = (
			);
			inputFileListPaths = (
				"${PODS_ROOT}/Target Support Files/Pods-UberTutorial/Pods-UberTutorial-frameworks-${CONFIGURATION}-input-files.xcfilelist",
			);
			name = "[CP] Embed Pods Frameworks";
			outputFileListPaths = (
				"${PODS_ROOT}/Target Support Files/Pods-UberTutorial/Pods-UberTutorial-frameworks-${CONFIGURATION}-output-files.xcfilelist",
			);
			runOnlyForDeploymentPostprocessing = 0;
			shellPath = /bin/sh;
			shellScript = "\"${PODS_ROOT}/Target Support Files/Pods-UberTutorial/Pods-UberTutorial-frameworks.sh\"\n";
			showEnvVarsInLog = 0;
		};
/* End PBXShellScriptBuildPhase section */

/* Begin PBXSourcesBuildPhase section */
		61FCB88C24A6F4EA008EB66E /* Sources */ = {
			isa = PBXSourcesBuildPhase;
			buildActionMask = 2147483647;
			files = (
				61FCB89424A6F4EA008EB66E /* AppDelegate.swift in Sources */,
				61FCB8AD24A6F5DE008EB66E /* LoginController.swift in Sources */,
				61FCB89624A6F4EA008EB66E /* SceneDelegate.swift in Sources */,
			);
			runOnlyForDeploymentPostprocessing = 0;
		};
/* End PBXSourcesBuildPhase section */

/* Begin PBXVariantGroup section */
		61FCB89924A6F4EA008EB66E /* Main.storyboard */ = {
			isa = PBXVariantGroup;
			children = (
				61FCB89A24A6F4EA008EB66E /* Base */,
			);
			name = Main.storyboard;
			sourceTree = "<group>";
		};
		61FCB89E24A6F4F0008EB66E /* LaunchScreen.storyboard */ = {
			isa = PBXVariantGroup;
			children = (
				61FCB89F24A6F4F0008EB66E /* Base */,
			);
			name = LaunchScreen.storyboard;
			sourceTree = "<group>";
		};
/* End PBXVariantGroup section */

/* Begin XCBuildConfiguration section */
		61FCB8A224A6F4F0008EB66E /* Debug */ = {
			isa = XCBuildConfiguration;
			buildSettings = {
				ALWAYS_SEARCH_USER_PATHS = NO;
				CLANG_ANALYZER_NONNULL = YES;
				CLANG_ANALYZER_NUMBER_OBJECT_CONVERSION = YES_AGGRESSIVE;
				CLANG_CXX_LANGUAGE_STANDARD = "gnu++14";
				CLANG_CXX_LIBRARY = "libc++";
				CLANG_ENABLE_MODULES = YES;
				CLANG_ENABLE_OBJC_ARC = YES;
				CLANG_ENABLE_OBJC_WEAK = YES;
				CLANG_WARN_BLOCK_CAPTURE_AUTORELEASING = YES;
				CLANG_WARN_BOOL_CONVERSION = YES;
				CLANG_WARN_COMMA = YES;
				CLANG_WARN_CONSTANT_CONVERSION = YES;
				CLANG_WARN_DEPRECATED_OBJC_IMPLEMENTATIONS = YES;
				CLANG_WARN_DIRECT_OBJC_ISA_USAGE = YES_ERROR;
				CLANG_WARN_DOCUMENTATION_COMMENTS = YES;
				CLANG_WARN_EMPTY_BODY = YES;
				CLANG_WARN_ENUM_CONVERSION = YES;
				CLANG_WARN_INFINITE_RECURSION = YES;
				CLANG_WARN_INT_CONVERSION = YES;
				CLANG_WARN_NON_LITERAL_NULL_CONVERSION = YES;
				CLANG_WARN_OBJC_IMPLICIT_RETAIN_SELF = YES;
				CLANG_WARN_OBJC_LITERAL_CONVERSION = YES;
				CLANG_WARN_OBJC_ROOT_CLASS = YES_ERROR;
				CLANG_WARN_RANGE_LOOP_ANALYSIS = YES;
				CLANG_WARN_STRICT_PROTOTYPES = YES;
				CLANG_WARN_SUSPICIOUS_MOVE = YES;
				CLANG_WARN_UNGUARDED_AVAILABILITY = YES_AGGRESSIVE;
				CLANG_WARN_UNREACHABLE_CODE = YES;
				CLANG_WARN__DUPLICATE_METHOD_MATCH = YES;
				COPY_PHASE_STRIP = NO;
				DEBUG_INFORMATION_FORMAT = dwarf;
				ENABLE_STRICT_OBJC_MSGSEND = YES;
				ENABLE_TESTABILITY = YES;
				GCC_C_LANGUAGE_STANDARD = gnu11;
				GCC_DYNAMIC_NO_PIC = NO;
				GCC_NO_COMMON_BLOCKS = YES;
				GCC_OPTIMIZATION_LEVEL = 0;
				GCC_PREPROCESSOR_DEFINITIONS = (
					"DEBUG=1",
					"$(inherited)",
				);
				GCC_WARN_64_TO_32_BIT_CONVERSION = YES;
				GCC_WARN_ABOUT_RETURN_TYPE = YES_ERROR;
				GCC_WARN_UNDECLARED_SELECTOR = YES;
				GCC_WARN_UNINITIALIZED_AUTOS = YES_AGGRESSIVE;
				GCC_WARN_UNUSED_FUNCTION = YES;
				GCC_WARN_UNUSED_VARIABLE = YES;
				IPHONEOS_DEPLOYMENT_TARGET = 13.2;
				MTL_ENABLE_DEBUG_INFO = INCLUDE_SOURCE;
				MTL_FAST_MATH = YES;
				ONLY_ACTIVE_ARCH = YES;
				SDKROOT = iphoneos;
				SWIFT_ACTIVE_COMPILATION_CONDITIONS = DEBUG;
				SWIFT_OPTIMIZATION_LEVEL = "-Onone";
			};
			name = Debug;
		};
		61FCB8A324A6F4F0008EB66E /* Release */ = {
			isa = XCBuildConfiguration;
			buildSettings = {
				ALWAYS_SEARCH_USER_PATHS = NO;
				CLANG_ANALYZER_NONNULL = YES;
				CLANG_ANALYZER_NUMBER_OBJECT_CONVERSION = YES_AGGRESSIVE;
				CLANG_CXX_LANGUAGE_STANDARD = "gnu++14";
				CLANG_CXX_LIBRARY = "libc++";
				CLANG_ENABLE_MODULES = YES;
				CLANG_ENABLE_OBJC_ARC = YES;
				CLANG_ENABLE_OBJC_WEAK = YES;
				CLANG_WARN_BLOCK_CAPTURE_AUTORELEASING = YES;
				CLANG_WARN_BOOL_CONVERSION = YES;
				CLANG_WARN_COMMA = YES;
				CLANG_WARN_CONSTANT_CONVERSION = YES;
				CLANG_WARN_DEPRECATED_OBJC_IMPLEMENTATIONS = YES;
				CLANG_WARN_DIRECT_OBJC_ISA_USAGE = YES_ERROR;
				CLANG_WARN_DOCUMENTATION_COMMENTS = YES;
				CLANG_WARN_EMPTY_BODY = YES;
				CLANG_WARN_ENUM_CONVERSION = YES;
				CLANG_WARN_INFINITE_RECURSION = YES;
				CLANG_WARN_INT_CONVERSION = YES;
				CLANG_WARN_NON_LITERAL_NULL_CONVERSION = YES;
				CLANG_WARN_OBJC_IMPLICIT_RETAIN_SELF = YES;
				CLANG_WARN_OBJC_LITERAL_CONVERSION = YES;
				CLANG_WARN_OBJC_ROOT_CLASS = YES_ERROR;
				CLANG_WARN_RANGE_LOOP_ANALYSIS = YES;
				CLANG_WARN_STRICT_PROTOTYPES = YES;
				CLANG_WARN_SUSPICIOUS_MOVE = YES;
				CLANG_WARN_UNGUARDED_AVAILABILITY = YES_AGGRESSIVE;
				CLANG_WARN_UNREACHABLE_CODE = YES;
				CLANG_WARN__DUPLICATE_METHOD_MATCH = YES;
				COPY_PHASE_STRIP = NO;
				DEBUG_INFORMATION_FORMAT = "dwarf-with-dsym";
				ENABLE_NS_ASSERTIONS = NO;
				ENABLE_STRICT_OBJC_MSGSEND = YES;
				GCC_C_LANGUAGE_STANDARD = gnu11;
				GCC_NO_COMMON_BLOCKS = YES;
				GCC_WARN_64_TO_32_BIT_CONVERSION = YES;
				GCC_WARN_ABOUT_RETURN_TYPE = YES_ERROR;
				GCC_WARN_UNDECLARED_SELECTOR = YES;
				GCC_WARN_UNINITIALIZED_AUTOS = YES_AGGRESSIVE;
				GCC_WARN_UNUSED_FUNCTION = YES;
				GCC_WARN_UNUSED_VARIABLE = YES;
				IPHONEOS_DEPLOYMENT_TARGET = 13.2;
				MTL_ENABLE_DEBUG_INFO = NO;
				MTL_FAST_MATH = YES;
				SDKROOT = iphoneos;
				SWIFT_COMPILATION_MODE = wholemodule;
				SWIFT_OPTIMIZATION_LEVEL = "-O";
				VALIDATE_PRODUCT = YES;
			};
			name = Release;
		};
		61FCB8A524A6F4F0008EB66E /* Debug */ = {
			isa = XCBuildConfiguration;
			baseConfigurationReference = CF19D986ED078083E24ABD7F /* Pods-UberTutorial.debug.xcconfig */;
			buildSettings = {
				ASSETCATALOG_COMPILER_APPICON_NAME = AppIcon;
				CODE_SIGN_STYLE = Automatic;
				DEVELOPMENT_TEAM = 7F7W8C3A76;
				INFOPLIST_FILE = UberTutorial/Info.plist;
				LD_RUNPATH_SEARCH_PATHS = (
					"$(inherited)",
					"@executable_path/Frameworks",
				);
				PRODUCT_BUNDLE_IDENTIFIER = io.github.92pino.UberTutorial;
				PRODUCT_NAME = "$(TARGET_NAME)";
				SWIFT_VERSION = 5.0;
				TARGETED_DEVICE_FAMILY = "1,2";
			};
			name = Debug;
		};
		61FCB8A624A6F4F0008EB66E /* Release */ = {
			isa = XCBuildConfiguration;
			baseConfigurationReference = 066B8F8CC15F7584316C2120 /* Pods-UberTutorial.release.xcconfig */;
			buildSettings = {
				ASSETCATALOG_COMPILER_APPICON_NAME = AppIcon;
				CODE_SIGN_STYLE = Automatic;
				DEVELOPMENT_TEAM = 7F7W8C3A76;
				INFOPLIST_FILE = UberTutorial/Info.plist;
				LD_RUNPATH_SEARCH_PATHS = (
					"$(inherited)",
					"@executable_path/Frameworks",
				);
				PRODUCT_BUNDLE_IDENTIFIER = io.github.92pino.UberTutorial;
				PRODUCT_NAME = "$(TARGET_NAME)";
				SWIFT_VERSION = 5.0;
				TARGETED_DEVICE_FAMILY = "1,2";
			};
			name = Release;
		};
/* End XCBuildConfiguration section */

/* Begin XCConfigurationList section */
		61FCB88B24A6F4EA008EB66E /* Build configuration list for PBXProject "UberTutorial" */ = {
			isa = XCConfigurationList;
			buildConfigurations = (
				61FCB8A224A6F4F0008EB66E /* Debug */,
				61FCB8A324A6F4F0008EB66E /* Release */,
			);
			defaultConfigurationIsVisible = 0;
			defaultConfigurationName = Release;
		};
		61FCB8A424A6F4F0008EB66E /* Build configuration list for PBXNativeTarget "UberTutorial" */ = {
			isa = XCConfigurationList;
			buildConfigurations = (
				61FCB8A524A6F4F0008EB66E /* Debug */,
				61FCB8A624A6F4F0008EB66E /* Release */,
			);
			defaultConfigurationIsVisible = 0;
			defaultConfigurationName = Release;
		};
/* End XCConfigurationList section */
	};
	rootObject = 61FCB88824A6F4EA008EB66E /* Project object */;
}
